// !$*UTF8*$!
{
	archiveVersion = 1;
	classes = {
	};
	objectVersion = 50;
	objects = {

/* Begin PBXBuildFile section */
		B654E917215D1E6C00A24BD3 /* AppDelegate.swift in Sources */ = {isa = PBXBuildFile; fileRef = B654E916215D1E6C00A24BD3 /* AppDelegate.swift */; };
		B654E919215D1E6C00A24BD3 /* ViewController.swift in Sources */ = {isa = PBXBuildFile; fileRef = B654E918215D1E6C00A24BD3 /* ViewController.swift */; };
		B654E91C215D1E6C00A24BD3 /* Main.storyboard in Resources */ = {isa = PBXBuildFile; fileRef = B654E91A215D1E6C00A24BD3 /* Main.storyboard */; };
		B654E91E215D1E6E00A24BD3 /* Assets.xcassets in Resources */ = {isa = PBXBuildFile; fileRef = B654E91D215D1E6E00A24BD3 /* Assets.xcassets */; };
		B654E921215D1E6E00A24BD3 /* LaunchScreen.storyboard in Resources */ = {isa = PBXBuildFile; fileRef = B654E91F215D1E6E00A24BD3 /* LaunchScreen.storyboard */; };
		B654E92C215D1E6E00A24BD3 /* CryptoTrackerTests.swift in Sources */ = {isa = PBXBuildFile; fileRef = B654E92B215D1E6E00A24BD3 /* CryptoTrackerTests.swift */; };
		B654E938215D22A600A24BD3 /* Result.swift in Sources */ = {isa = PBXBuildFile; fileRef = B654E937215D22A600A24BD3 /* Result.swift */; };
		B654E93A215D230E00A24BD3 /* RequestProtocol.swift in Sources */ = {isa = PBXBuildFile; fileRef = B654E939215D230E00A24BD3 /* RequestProtocol.swift */; };
		B654E93C215D244A00A24BD3 /* RequestManager.swift in Sources */ = {isa = PBXBuildFile; fileRef = B654E93B215D244A00A24BD3 /* RequestManager.swift */; };
		B654E93E215D247300A24BD3 /* EndpointProtocol.swift in Sources */ = {isa = PBXBuildFile; fileRef = B654E93D215D247300A24BD3 /* EndpointProtocol.swift */; };
		B654E942215D261E00A24BD3 /* CoinDeskEndpoints.swift in Sources */ = {isa = PBXBuildFile; fileRef = B654E941215D261E00A24BD3 /* CoinDeskEndpoints.swift */; };
		B654E944215D2AB200A24BD3 /* ResultError.swift in Sources */ = {isa = PBXBuildFile; fileRef = B654E943215D2AB200A24BD3 /* ResultError.swift */; };
		B654E946215D2FB700A24BD3 /* HTTPCode.swift in Sources */ = {isa = PBXBuildFile; fileRef = B654E945215D2FB700A24BD3 /* HTTPCode.swift */; };
		B654E948215D33C900A24BD3 /* CoinDeskInteractor.swift in Sources */ = {isa = PBXBuildFile; fileRef = B654E947215D33C900A24BD3 /* CoinDeskInteractor.swift */; };
		B654E94A215D457400A24BD3 /* CoinDeskRealTimeRequest.swift in Sources */ = {isa = PBXBuildFile; fileRef = B654E949215D457400A24BD3 /* CoinDeskRealTimeRequest.swift */; };
		B654E94C215D45C600A24BD3 /* CoinDeskRealTimeData.swift in Sources */ = {isa = PBXBuildFile; fileRef = B654E94B215D45C600A24BD3 /* CoinDeskRealTimeData.swift */; };
		B654E94F215D47BA00A24BD3 /* CoinDeskHistoricalRequest.swift in Sources */ = {isa = PBXBuildFile; fileRef = B654E94E215D47BA00A24BD3 /* CoinDeskHistoricalRequest.swift */; };
		B654E951215D47D400A24BD3 /* CoinDeskHistoricalData.swift in Sources */ = {isa = PBXBuildFile; fileRef = B654E950215D47D400A24BD3 /* CoinDeskHistoricalData.swift */; };
		B654E955215D498600A24BD3 /* DateExtensions.swift in Sources */ = {isa = PBXBuildFile; fileRef = B654E954215D498600A24BD3 /* DateExtensions.swift */; };
/* End PBXBuildFile section */

/* Begin PBXContainerItemProxy section */
		B654E928215D1E6E00A24BD3 /* PBXContainerItemProxy */ = {
			isa = PBXContainerItemProxy;
			containerPortal = B654E90B215D1E6C00A24BD3 /* Project object */;
			proxyType = 1;
			remoteGlobalIDString = B654E912215D1E6C00A24BD3;
			remoteInfo = CryptoTracker;
		};
/* End PBXContainerItemProxy section */

/* Begin PBXFileReference section */
		B654E913215D1E6C00A24BD3 /* CryptoTracker.app */ = {isa = PBXFileReference; explicitFileType = wrapper.application; includeInIndex = 0; path = CryptoTracker.app; sourceTree = BUILT_PRODUCTS_DIR; };
		B654E916215D1E6C00A24BD3 /* AppDelegate.swift */ = {isa = PBXFileReference; lastKnownFileType = sourcecode.swift; path = AppDelegate.swift; sourceTree = "<group>"; };
		B654E918215D1E6C00A24BD3 /* ViewController.swift */ = {isa = PBXFileReference; lastKnownFileType = sourcecode.swift; path = ViewController.swift; sourceTree = "<group>"; };
		B654E91B215D1E6C00A24BD3 /* Base */ = {isa = PBXFileReference; lastKnownFileType = file.storyboard; name = Base; path = Base.lproj/Main.storyboard; sourceTree = "<group>"; };
		B654E91D215D1E6E00A24BD3 /* Assets.xcassets */ = {isa = PBXFileReference; lastKnownFileType = folder.assetcatalog; path = Assets.xcassets; sourceTree = "<group>"; };
		B654E920215D1E6E00A24BD3 /* Base */ = {isa = PBXFileReference; lastKnownFileType = file.storyboard; name = Base; path = Base.lproj/LaunchScreen.storyboard; sourceTree = "<group>"; };
		B654E922215D1E6E00A24BD3 /* Info.plist */ = {isa = PBXFileReference; lastKnownFileType = text.plist.xml; path = Info.plist; sourceTree = "<group>"; };
		B654E927215D1E6E00A24BD3 /* CryptoTrackerTests.xctest */ = {isa = PBXFileReference; explicitFileType = wrapper.cfbundle; includeInIndex = 0; path = CryptoTrackerTests.xctest; sourceTree = BUILT_PRODUCTS_DIR; };
		B654E92B215D1E6E00A24BD3 /* CryptoTrackerTests.swift */ = {isa = PBXFileReference; lastKnownFileType = sourcecode.swift; path = CryptoTrackerTests.swift; sourceTree = "<group>"; };
		B654E92D215D1E6E00A24BD3 /* Info.plist */ = {isa = PBXFileReference; lastKnownFileType = text.plist.xml; path = Info.plist; sourceTree = "<group>"; };
		B654E937215D22A600A24BD3 /* Result.swift */ = {isa = PBXFileReference; lastKnownFileType = sourcecode.swift; path = Result.swift; sourceTree = "<group>"; };
		B654E939215D230E00A24BD3 /* RequestProtocol.swift */ = {isa = PBXFileReference; lastKnownFileType = sourcecode.swift; path = RequestProtocol.swift; sourceTree = "<group>"; };
		B654E93B215D244A00A24BD3 /* RequestManager.swift */ = {isa = PBXFileReference; lastKnownFileType = sourcecode.swift; path = RequestManager.swift; sourceTree = "<group>"; };
		B654E93D215D247300A24BD3 /* EndpointProtocol.swift */ = {isa = PBXFileReference; lastKnownFileType = sourcecode.swift; path = EndpointProtocol.swift; sourceTree = "<group>"; };
		B654E941215D261E00A24BD3 /* CoinDeskEndpoints.swift */ = {isa = PBXFileReference; lastKnownFileType = sourcecode.swift; path = CoinDeskEndpoints.swift; sourceTree = "<group>"; };
		B654E943215D2AB200A24BD3 /* ResultError.swift */ = {isa = PBXFileReference; lastKnownFileType = sourcecode.swift; path = ResultError.swift; sourceTree = "<group>"; };
		B654E945215D2FB700A24BD3 /* HTTPCode.swift */ = {isa = PBXFileReference; lastKnownFileType = sourcecode.swift; path = HTTPCode.swift; sourceTree = "<group>"; };
		B654E947215D33C900A24BD3 /* CoinDeskInteractor.swift */ = {isa = PBXFileReference; lastKnownFileType = sourcecode.swift; path = CoinDeskInteractor.swift; sourceTree = "<group>"; };
		B654E949215D457400A24BD3 /* CoinDeskRealTimeRequest.swift */ = {isa = PBXFileReference; lastKnownFileType = sourcecode.swift; path = CoinDeskRealTimeRequest.swift; sourceTree = "<group>"; };
		B654E94B215D45C600A24BD3 /* CoinDeskRealTimeData.swift */ = {isa = PBXFileReference; lastKnownFileType = sourcecode.swift; path = CoinDeskRealTimeData.swift; sourceTree = "<group>"; };
		B654E94E215D47BA00A24BD3 /* CoinDeskHistoricalRequest.swift */ = {isa = PBXFileReference; lastKnownFileType = sourcecode.swift; path = CoinDeskHistoricalRequest.swift; sourceTree = "<group>"; };
		B654E950215D47D400A24BD3 /* CoinDeskHistoricalData.swift */ = {isa = PBXFileReference; lastKnownFileType = sourcecode.swift; path = CoinDeskHistoricalData.swift; sourceTree = "<group>"; };
		B654E954215D498600A24BD3 /* DateExtensions.swift */ = {isa = PBXFileReference; lastKnownFileType = sourcecode.swift; path = DateExtensions.swift; sourceTree = "<group>"; };
/* End PBXFileReference section */

/* Begin PBXFrameworksBuildPhase section */
		B654E910215D1E6C00A24BD3 /* Frameworks */ = {
			isa = PBXFrameworksBuildPhase;
			buildActionMask = 2147483647;
			files = (
			);
			runOnlyForDeploymentPostprocessing = 0;
		};
		B654E924215D1E6E00A24BD3 /* Frameworks */ = {
			isa = PBXFrameworksBuildPhase;
			buildActionMask = 2147483647;
			files = (
			);
			runOnlyForDeploymentPostprocessing = 0;
		};
/* End PBXFrameworksBuildPhase section */

/* Begin PBXGroup section */
		B654E90A215D1E6C00A24BD3 = {
			isa = PBXGroup;
			children = (
				B654E915215D1E6C00A24BD3 /* CryptoTracker */,
				B654E92A215D1E6E00A24BD3 /* CryptoTrackerTests */,
				B654E914215D1E6C00A24BD3 /* Products */,
			);
			sourceTree = "<group>";
		};
		B654E914215D1E6C00A24BD3 /* Products */ = {
			isa = PBXGroup;
			children = (
				B654E913215D1E6C00A24BD3 /* CryptoTracker.app */,
				B654E927215D1E6E00A24BD3 /* CryptoTrackerTests.xctest */,
			);
			name = Products;
			sourceTree = "<group>";
		};
		B654E915215D1E6C00A24BD3 /* CryptoTracker */ = {
			isa = PBXGroup;
			children = (
				B654E952215D497000A24BD3 /* Common */,
				B654E93F215D25FF00A24BD3 /* CoinDeskModule */,
				B654E916215D1E6C00A24BD3 /* AppDelegate.swift */,
				B654E918215D1E6C00A24BD3 /* ViewController.swift */,
				B654E91A215D1E6C00A24BD3 /* Main.storyboard */,
				B654E91D215D1E6E00A24BD3 /* Assets.xcassets */,
				B654E91F215D1E6E00A24BD3 /* LaunchScreen.storyboard */,
				B654E922215D1E6E00A24BD3 /* Info.plist */,
			);
			path = CryptoTracker;
			sourceTree = "<group>";
		};
		B654E92A215D1E6E00A24BD3 /* CryptoTrackerTests */ = {
			isa = PBXGroup;
			children = (
				B654E92B215D1E6E00A24BD3 /* CryptoTrackerTests.swift */,
				B654E92D215D1E6E00A24BD3 /* Info.plist */,
			);
			path = CryptoTrackerTests;
			sourceTree = "<group>";
		};
		B654E936215D1FE300A24BD3 /* Network */ = {
			isa = PBXGroup;
			children = (
				B654E937215D22A600A24BD3 /* Result.swift */,
				B654E939215D230E00A24BD3 /* RequestProtocol.swift */,
				B654E93B215D244A00A24BD3 /* RequestManager.swift */,
				B654E93D215D247300A24BD3 /* EndpointProtocol.swift */,
				B654E943215D2AB200A24BD3 /* ResultError.swift */,
				B654E945215D2FB700A24BD3 /* HTTPCode.swift */,
			);
			path = Network;
			sourceTree = "<group>";
		};
		B654E93F215D25FF00A24BD3 /* CoinDeskModule */ = {
			isa = PBXGroup;
			children = (
				B654E940215D260A00A24BD3 /* Interactor */,
			);
			path = CoinDeskModule;
			sourceTree = "<group>";
		};
		B654E940215D260A00A24BD3 /* Interactor */ = {
			isa = PBXGroup;
			children = (
				B654E94D215D479800A24BD3 /* Network */,
				B654E947215D33C900A24BD3 /* CoinDeskInteractor.swift */,
				B654E94B215D45C600A24BD3 /* CoinDeskRealTimeData.swift */,
				B654E950215D47D400A24BD3 /* CoinDeskHistoricalData.swift */,
			);
			path = Interactor;
			sourceTree = "<group>";
		};
		B654E94D215D479800A24BD3 /* Network */ = {
			isa = PBXGroup;
			children = (
				B654E941215D261E00A24BD3 /* CoinDeskEndpoints.swift */,
				B654E949215D457400A24BD3 /* CoinDeskRealTimeRequest.swift */,
				B654E94E215D47BA00A24BD3 /* CoinDeskHistoricalRequest.swift */,
			);
			path = Network;
			sourceTree = "<group>";
		};
		B654E952215D497000A24BD3 /* Common */ = {
			isa = PBXGroup;
			children = (
				B654E953215D497A00A24BD3 /* Extensions */,
				B654E936215D1FE300A24BD3 /* Network */,
			);
			path = Common;
			sourceTree = "<group>";
		};
		B654E953215D497A00A24BD3 /* Extensions */ = {
			isa = PBXGroup;
			children = (
				B654E954215D498600A24BD3 /* DateExtensions.swift */,
			);
			path = Extensions;
			sourceTree = "<group>";
		};
/* End PBXGroup section */

/* Begin PBXNativeTarget section */
		B654E912215D1E6C00A24BD3 /* CryptoTracker */ = {
			isa = PBXNativeTarget;
			buildConfigurationList = B654E930215D1E6E00A24BD3 /* Build configuration list for PBXNativeTarget "CryptoTracker" */;
			buildPhases = (
				B654E90F215D1E6C00A24BD3 /* Sources */,
				B654E910215D1E6C00A24BD3 /* Frameworks */,
				B654E911215D1E6C00A24BD3 /* Resources */,
			);
			buildRules = (
			);
			dependencies = (
			);
			name = CryptoTracker;
			productName = CryptoTracker;
			productReference = B654E913215D1E6C00A24BD3 /* CryptoTracker.app */;
			productType = "com.apple.product-type.application";
		};
		B654E926215D1E6E00A24BD3 /* CryptoTrackerTests */ = {
			isa = PBXNativeTarget;
			buildConfigurationList = B654E933215D1E6E00A24BD3 /* Build configuration list for PBXNativeTarget "CryptoTrackerTests" */;
			buildPhases = (
				B654E923215D1E6E00A24BD3 /* Sources */,
				B654E924215D1E6E00A24BD3 /* Frameworks */,
				B654E925215D1E6E00A24BD3 /* Resources */,
			);
			buildRules = (
			);
			dependencies = (
				B654E929215D1E6E00A24BD3 /* PBXTargetDependency */,
			);
			name = CryptoTrackerTests;
			productName = CryptoTrackerTests;
			productReference = B654E927215D1E6E00A24BD3 /* CryptoTrackerTests.xctest */;
			productType = "com.apple.product-type.bundle.unit-test";
		};
/* End PBXNativeTarget section */

/* Begin PBXProject section */
		B654E90B215D1E6C00A24BD3 /* Project object */ = {
			isa = PBXProject;
			attributes = {
				LastSwiftUpdateCheck = 0940;
				LastUpgradeCheck = 0940;
				ORGANIZATIONNAME = "Guillermo Zafra";
				TargetAttributes = {
					B654E912215D1E6C00A24BD3 = {
						CreatedOnToolsVersion = 9.4;
					};
					B654E926215D1E6E00A24BD3 = {
						CreatedOnToolsVersion = 9.4;
						TestTargetID = B654E912215D1E6C00A24BD3;
					};
				};
			};
			buildConfigurationList = B654E90E215D1E6C00A24BD3 /* Build configuration list for PBXProject "CryptoTracker" */;
			compatibilityVersion = "Xcode 9.3";
			developmentRegion = en;
			hasScannedForEncodings = 0;
			knownRegions = (
				en,
				Base,
			);
			mainGroup = B654E90A215D1E6C00A24BD3;
			productRefGroup = B654E914215D1E6C00A24BD3 /* Products */;
			projectDirPath = "";
			projectRoot = "";
			targets = (
				B654E912215D1E6C00A24BD3 /* CryptoTracker */,
				B654E926215D1E6E00A24BD3 /* CryptoTrackerTests */,
			);
		};
/* End PBXProject section */

/* Begin PBXResourcesBuildPhase section */
		B654E911215D1E6C00A24BD3 /* Resources */ = {
			isa = PBXResourcesBuildPhase;
			buildActionMask = 2147483647;
			files = (
				B654E921215D1E6E00A24BD3 /* LaunchScreen.storyboard in Resources */,
				B654E91E215D1E6E00A24BD3 /* Assets.xcassets in Resources */,
				B654E91C215D1E6C00A24BD3 /* Main.storyboard in Resources */,
			);
			runOnlyForDeploymentPostprocessing = 0;
		};
		B654E925215D1E6E00A24BD3 /* Resources */ = {
			isa = PBXResourcesBuildPhase;
			buildActionMask = 2147483647;
			files = (
			);
			runOnlyForDeploymentPostprocessing = 0;
		};
/* End PBXResourcesBuildPhase section */

/* Begin PBXSourcesBuildPhase section */
		B654E90F215D1E6C00A24BD3 /* Sources */ = {
			isa = PBXSourcesBuildPhase;
			buildActionMask = 2147483647;
			files = (
				B654E94F215D47BA00A24BD3 /* CoinDeskHistoricalRequest.swift in Sources */,
				B654E93C215D244A00A24BD3 /* RequestManager.swift in Sources */,
				B654E946215D2FB700A24BD3 /* HTTPCode.swift in Sources */,
				B654E938215D22A600A24BD3 /* Result.swift in Sources */,
				B654E942215D261E00A24BD3 /* CoinDeskEndpoints.swift in Sources */,
				B654E94A215D457400A24BD3 /* CoinDeskRealTimeRequest.swift in Sources */,
				B654E948215D33C900A24BD3 /* CoinDeskInteractor.swift in Sources */,
				B654E951215D47D400A24BD3 /* CoinDeskHistoricalData.swift in Sources */,
				B654E94C215D45C600A24BD3 /* CoinDeskRealTimeData.swift in Sources */,
				B654E919215D1E6C00A24BD3 /* ViewController.swift in Sources */,
				B654E917215D1E6C00A24BD3 /* AppDelegate.swift in Sources */,
				B654E955215D498600A24BD3 /* DateExtensions.swift in Sources */,
				B654E944215D2AB200A24BD3 /* ResultError.swift in Sources */,
				B654E93E215D247300A24BD3 /* EndpointProtocol.swift in Sources */,
				B654E93A215D230E00A24BD3 /* RequestProtocol.swift in Sources */,
			);
			runOnlyForDeploymentPostprocessing = 0;
		};
		B654E923215D1E6E00A24BD3 /* Sources */ = {
			isa = PBXSourcesBuildPhase;
			buildActionMask = 2147483647;
			files = (
				B654E92C215D1E6E00A24BD3 /* CryptoTrackerTests.swift in Sources */,
			);
			runOnlyForDeploymentPostprocessing = 0;
		};
/* End PBXSourcesBuildPhase section */

/* Begin PBXTargetDependency section */
		B654E929215D1E6E00A24BD3 /* PBXTargetDependency */ = {
			isa = PBXTargetDependency;
			target = B654E912215D1E6C00A24BD3 /* CryptoTracker */;
			targetProxy = B654E928215D1E6E00A24BD3 /* PBXContainerItemProxy */;
		};
/* End PBXTargetDependency section */

/* Begin PBXVariantGroup section */
		B654E91A215D1E6C00A24BD3 /* Main.storyboard */ = {
			isa = PBXVariantGroup;
			children = (
				B654E91B215D1E6C00A24BD3 /* Base */,
			);
			name = Main.storyboard;
			sourceTree = "<group>";
		};
		B654E91F215D1E6E00A24BD3 /* LaunchScreen.storyboard */ = {
			isa = PBXVariantGroup;
			children = (
				B654E920215D1E6E00A24BD3 /* Base */,
			);
			name = LaunchScreen.storyboard;
			sourceTree = "<group>";
		};
/* End PBXVariantGroup section */

/* Begin XCBuildConfiguration section */
		B654E92E215D1E6E00A24BD3 /* Debug */ = {
			isa = XCBuildConfiguration;
			buildSettings = {
				ALWAYS_SEARCH_USER_PATHS = NO;
				CLANG_ANALYZER_NONNULL = YES;
				CLANG_ANALYZER_NUMBER_OBJECT_CONVERSION = YES_AGGRESSIVE;
				CLANG_CXX_LANGUAGE_STANDARD = "gnu++14";
				CLANG_CXX_LIBRARY = "libc++";
				CLANG_ENABLE_MODULES = YES;
				CLANG_ENABLE_OBJC_ARC = YES;
				CLANG_ENABLE_OBJC_WEAK = YES;
				CLANG_WARN_BLOCK_CAPTURE_AUTORELEASING = YES;
				CLANG_WARN_BOOL_CONVERSION = YES;
				CLANG_WARN_COMMA = YES;
				CLANG_WARN_CONSTANT_CONVERSION = YES;
				CLANG_WARN_DEPRECATED_OBJC_IMPLEMENTATIONS = YES;
				CLANG_WARN_DIRECT_OBJC_ISA_USAGE = YES_ERROR;
				CLANG_WARN_DOCUMENTATION_COMMENTS = YES;
				CLANG_WARN_EMPTY_BODY = YES;
				CLANG_WARN_ENUM_CONVERSION = YES;
				CLANG_WARN_INFINITE_RECURSION = YES;
				CLANG_WARN_INT_CONVERSION = YES;
				CLANG_WARN_NON_LITERAL_NULL_CONVERSION = YES;
				CLANG_WARN_OBJC_IMPLICIT_RETAIN_SELF = YES;
				CLANG_WARN_OBJC_LITERAL_CONVERSION = YES;
				CLANG_WARN_OBJC_ROOT_CLASS = YES_ERROR;
				CLANG_WARN_RANGE_LOOP_ANALYSIS = YES;
				CLANG_WARN_STRICT_PROTOTYPES = YES;
				CLANG_WARN_SUSPICIOUS_MOVE = YES;
				CLANG_WARN_UNGUARDED_AVAILABILITY = YES_AGGRESSIVE;
				CLANG_WARN_UNREACHABLE_CODE = YES;
				CLANG_WARN__DUPLICATE_METHOD_MATCH = YES;
				CODE_SIGN_IDENTITY = "iPhone Developer";
				COPY_PHASE_STRIP = NO;
				DEBUG_INFORMATION_FORMAT = dwarf;
				ENABLE_STRICT_OBJC_MSGSEND = YES;
				ENABLE_TESTABILITY = YES;
				GCC_C_LANGUAGE_STANDARD = gnu11;
				GCC_DYNAMIC_NO_PIC = NO;
				GCC_NO_COMMON_BLOCKS = YES;
				GCC_OPTIMIZATION_LEVEL = 0;
				GCC_PREPROCESSOR_DEFINITIONS = (
					"DEBUG=1",
					"$(inherited)",
				);
				GCC_WARN_64_TO_32_BIT_CONVERSION = YES;
				GCC_WARN_ABOUT_RETURN_TYPE = YES_ERROR;
				GCC_WARN_UNDECLARED_SELECTOR = YES;
				GCC_WARN_UNINITIALIZED_AUTOS = YES_AGGRESSIVE;
				GCC_WARN_UNUSED_FUNCTION = YES;
				GCC_WARN_UNUSED_VARIABLE = YES;
				IPHONEOS_DEPLOYMENT_TARGET = 11.4;
				MTL_ENABLE_DEBUG_INFO = YES;
				ONLY_ACTIVE_ARCH = YES;
				SDKROOT = iphoneos;
				SWIFT_ACTIVE_COMPILATION_CONDITIONS = DEBUG;
				SWIFT_OPTIMIZATION_LEVEL = "-Onone";
			};
			name = Debug;
		};
		B654E92F215D1E6E00A24BD3 /* Release */ = {
			isa = XCBuildConfiguration;
			buildSettings = {
				ALWAYS_SEARCH_USER_PATHS = NO;
				CLANG_ANALYZER_NONNULL = YES;
				CLANG_ANALYZER_NUMBER_OBJECT_CONVERSION = YES_AGGRESSIVE;
				CLANG_CXX_LANGUAGE_STANDARD = "gnu++14";
				CLANG_CXX_LIBRARY = "libc++";
				CLANG_ENABLE_MODULES = YES;
				CLANG_ENABLE_OBJC_ARC = YES;
				CLANG_ENABLE_OBJC_WEAK = YES;
				CLANG_WARN_BLOCK_CAPTURE_AUTORELEASING = YES;
				CLANG_WARN_BOOL_CONVERSION = YES;
				CLANG_WARN_COMMA = YES;
				CLANG_WARN_CONSTANT_CONVERSION = YES;
				CLANG_WARN_DEPRECATED_OBJC_IMPLEMENTATIONS = YES;
				CLANG_WARN_DIRECT_OBJC_ISA_USAGE = YES_ERROR;
				CLANG_WARN_DOCUMENTATION_COMMENTS = YES;
				CLANG_WARN_EMPTY_BODY = YES;
				CLANG_WARN_ENUM_CONVERSION = YES;
				CLANG_WARN_INFINITE_RECURSION = YES;
				CLANG_WARN_INT_CONVERSION = YES;
				CLANG_WARN_NON_LITERAL_NULL_CONVERSION = YES;
				CLANG_WARN_OBJC_IMPLICIT_RETAIN_SELF = YES;
				CLANG_WARN_OBJC_LITERAL_CONVERSION = YES;
				CLANG_WARN_OBJC_ROOT_CLASS = YES_ERROR;
				CLANG_WARN_RANGE_LOOP_ANALYSIS = YES;
				CLANG_WARN_STRICT_PROTOTYPES = YES;
				CLANG_WARN_SUSPICIOUS_MOVE = YES;
				CLANG_WARN_UNGUARDED_AVAILABILITY = YES_AGGRESSIVE;
				CLANG_WARN_UNREACHABLE_CODE = YES;
				CLANG_WARN__DUPLICATE_METHOD_MATCH = YES;
				CODE_SIGN_IDENTITY = "iPhone Developer";
				COPY_PHASE_STRIP = NO;
				DEBUG_INFORMATION_FORMAT = "dwarf-with-dsym";
				ENABLE_NS_ASSERTIONS = NO;
				ENABLE_STRICT_OBJC_MSGSEND = YES;
				GCC_C_LANGUAGE_STANDARD = gnu11;
				GCC_NO_COMMON_BLOCKS = YES;
				GCC_WARN_64_TO_32_BIT_CONVERSION = YES;
				GCC_WARN_ABOUT_RETURN_TYPE = YES_ERROR;
				GCC_WARN_UNDECLARED_SELECTOR = YES;
				GCC_WARN_UNINITIALIZED_AUTOS = YES_AGGRESSIVE;
				GCC_WARN_UNUSED_FUNCTION = YES;
				GCC_WARN_UNUSED_VARIABLE = YES;
				IPHONEOS_DEPLOYMENT_TARGET = 11.4;
				MTL_ENABLE_DEBUG_INFO = NO;
				SDKROOT = iphoneos;
				SWIFT_COMPILATION_MODE = wholemodule;
				SWIFT_OPTIMIZATION_LEVEL = "-O";
				VALIDATE_PRODUCT = YES;
			};
			name = Release;
		};
		B654E931215D1E6E00A24BD3 /* Debug */ = {
			isa = XCBuildConfiguration;
			buildSettings = {
				ASSETCATALOG_COMPILER_APPICON_NAME = AppIcon;
				CODE_SIGN_STYLE = Automatic;
				INFOPLIST_FILE = CryptoTracker/Info.plist;
				LD_RUNPATH_SEARCH_PATHS = (
					"$(inherited)",
					"@executable_path/Frameworks",
				);
				PRODUCT_BUNDLE_IDENTIFIER = com.gzafra.CryptoTracker;
				PRODUCT_NAME = "$(TARGET_NAME)";
				SWIFT_VERSION = 4.0;
				TARGETED_DEVICE_FAMILY = "1,2";
			};
			name = Debug;
		};
		B654E932215D1E6E00A24BD3 /* Release */ = {
			isa = XCBuildConfiguration;
			buildSettings = {
				ASSETCATALOG_COMPILER_APPICON_NAME = AppIcon;
				CODE_SIGN_STYLE = Automatic;
				INFOPLIST_FILE = CryptoTracker/Info.plist;
				LD_RUNPATH_SEARCH_PATHS = (
					"$(inherited)",
					"@executable_path/Frameworks",
				);
				PRODUCT_BUNDLE_IDENTIFIER = com.gzafra.CryptoTracker;
				PRODUCT_NAME = "$(TARGET_NAME)";
				SWIFT_VERSION = 4.0;
				TARGETED_DEVICE_FAMILY = "1,2";
			};
			name = Release;
		};
		B654E934215D1E6E00A24BD3 /* Debug */ = {
			isa = XCBuildConfiguration;
			buildSettings = {
				ALWAYS_EMBED_SWIFT_STANDARD_LIBRARIES = YES;
				BUNDLE_LOADER = "$(TEST_HOST)";
				CODE_SIGN_STYLE = Automatic;
				INFOPLIST_FILE = CryptoTrackerTests/Info.plist;
				LD_RUNPATH_SEARCH_PATHS = (
					"$(inherited)",
					"@executable_path/Frameworks",
					"@loader_path/Frameworks",
				);
				PRODUCT_BUNDLE_IDENTIFIER = com.gzafra.CryptoTrackerTests;
				PRODUCT_NAME = "$(TARGET_NAME)";
				SWIFT_VERSION = 4.0;
				TARGETED_DEVICE_FAMILY = "1,2";
				TEST_HOST = "$(BUILT_PRODUCTS_DIR)/CryptoTracker.app/CryptoTracker";
			};
			name = Debug;
		};
		B654E935215D1E6E00A24BD3 /* Release */ = {
			isa = XCBuildConfiguration;
			buildSettings = {
				ALWAYS_EMBED_SWIFT_STANDARD_LIBRARIES = YES;
				BUNDLE_LOADER = "$(TEST_HOST)";
				CODE_SIGN_STYLE = Automatic;
				INFOPLIST_FILE = CryptoTrackerTests/Info.plist;
				LD_RUNPATH_SEARCH_PATHS = (
					"$(inherited)",
					"@executable_path/Frameworks",
					"@loader_path/Frameworks",
				);
				PRODUCT_BUNDLE_IDENTIFIER = com.gzafra.CryptoTrackerTests;
				PRODUCT_NAME = "$(TARGET_NAME)";
				SWIFT_VERSION = 4.0;
				TARGETED_DEVICE_FAMILY = "1,2";
				TEST_HOST = "$(BUILT_PRODUCTS_DIR)/CryptoTracker.app/CryptoTracker";
			};
			name = Release;
		};
/* End XCBuildConfiguration section */

/* Begin XCConfigurationList section */
		B654E90E215D1E6C00A24BD3 /* Build configuration list for PBXProject "CryptoTracker" */ = {
			isa = XCConfigurationList;
			buildConfigurations = (
				B654E92E215D1E6E00A24BD3 /* Debug */,
				B654E92F215D1E6E00A24BD3 /* Release */,
			);
			defaultConfigurationIsVisible = 0;
			defaultConfigurationName = Release;
		};
		B654E930215D1E6E00A24BD3 /* Build configuration list for PBXNativeTarget "CryptoTracker" */ = {
			isa = XCConfigurationList;
			buildConfigurations = (
				B654E931215D1E6E00A24BD3 /* Debug */,
				B654E932215D1E6E00A24BD3 /* Release */,
			);
			defaultConfigurationIsVisible = 0;
			defaultConfigurationName = Release;
		};
		B654E933215D1E6E00A24BD3 /* Build configuration list for PBXNativeTarget "CryptoTrackerTests" */ = {
			isa = XCConfigurationList;
			buildConfigurations = (
				B654E934215D1E6E00A24BD3 /* Debug */,
				B654E935215D1E6E00A24BD3 /* Release */,
			);
			defaultConfigurationIsVisible = 0;
			defaultConfigurationName = Release;
		};
/* End XCConfigurationList section */
	};
	rootObject = B654E90B215D1E6C00A24BD3 /* Project object */;
}
