// !$*UTF8*$!
{
	archiveVersion = 1;
	classes = {
	};
	objectVersion = 50;
	objects = {

/* Begin PBXBuildFile section */
		B606D10A21EDE9B60072FFDB /* UIViewExtensions.swift in Sources */ = {isa = PBXBuildFile; fileRef = B606D10921EDE9B60072FFDB /* UIViewExtensions.swift */; };
		B606D10C21EDFDA80072FFDB /* HtmlDecoder.swift in Sources */ = {isa = PBXBuildFile; fileRef = B606D10B21EDFDA80072FFDB /* HtmlDecoder.swift */; };
		B606D10D21EDFE750072FFDB /* HtmlDecoder.swift in Sources */ = {isa = PBXBuildFile; fileRef = B606D10B21EDFDA80072FFDB /* HtmlDecoder.swift */; };
		B606D10E21EDFE760072FFDB /* HtmlDecoder.swift in Sources */ = {isa = PBXBuildFile; fileRef = B606D10B21EDFDA80072FFDB /* HtmlDecoder.swift */; };
		B653E084215FBA73004508BF /* CacheManager.swift in Sources */ = {isa = PBXBuildFile; fileRef = B653E083215FBA73004508BF /* CacheManager.swift */; };
		B653E086215FC10A004508BF /* RatesLocalInteractor.swift in Sources */ = {isa = PBXBuildFile; fileRef = B653E085215FC10A004508BF /* RatesLocalInteractor.swift */; };
		B653E089215FC8CD004508BF /* CacheManager.swift in Sources */ = {isa = PBXBuildFile; fileRef = B653E083215FBA73004508BF /* CacheManager.swift */; };
		B653E08C215FDCD8004508BF /* RequestManagerProtocol.swift in Sources */ = {isa = PBXBuildFile; fileRef = B653E08B215FDCD8004508BF /* RequestManagerProtocol.swift */; };
		B653E08D215FDD1F004508BF /* RequestManagerProtocol.swift in Sources */ = {isa = PBXBuildFile; fileRef = B653E08B215FDCD8004508BF /* RequestManagerProtocol.swift */; };
		B653E08F215FE577004508BF /* MockHelper.swift in Sources */ = {isa = PBXBuildFile; fileRef = B653E08E215FE577004508BF /* MockHelper.swift */; };
		B654E917215D1E6C00A24BD3 /* AppDelegate.swift in Sources */ = {isa = PBXBuildFile; fileRef = B654E916215D1E6C00A24BD3 /* AppDelegate.swift */; };
		B654E91E215D1E6E00A24BD3 /* Assets.xcassets in Resources */ = {isa = PBXBuildFile; fileRef = B654E91D215D1E6E00A24BD3 /* Assets.xcassets */; };
		B654E921215D1E6E00A24BD3 /* LaunchScreen.storyboard in Resources */ = {isa = PBXBuildFile; fileRef = B654E91F215D1E6E00A24BD3 /* LaunchScreen.storyboard */; };
		B654E92C215D1E6E00A24BD3 /* RemoteInteractorTests.swift in Sources */ = {isa = PBXBuildFile; fileRef = B654E92B215D1E6E00A24BD3 /* RemoteInteractorTests.swift */; };
		B654E938215D22A600A24BD3 /* Result.swift in Sources */ = {isa = PBXBuildFile; fileRef = B654E937215D22A600A24BD3 /* Result.swift */; };
		B654E93A215D230E00A24BD3 /* RequestProtocol.swift in Sources */ = {isa = PBXBuildFile; fileRef = B654E939215D230E00A24BD3 /* RequestProtocol.swift */; };
		B654E93C215D244A00A24BD3 /* RequestManager.swift in Sources */ = {isa = PBXBuildFile; fileRef = B654E93B215D244A00A24BD3 /* RequestManager.swift */; };
		B654E93E215D247300A24BD3 /* EndpointProtocol.swift in Sources */ = {isa = PBXBuildFile; fileRef = B654E93D215D247300A24BD3 /* EndpointProtocol.swift */; };
		B654E942215D261E00A24BD3 /* CoinDeskEndpoints.swift in Sources */ = {isa = PBXBuildFile; fileRef = B654E941215D261E00A24BD3 /* CoinDeskEndpoints.swift */; };
		B654E944215D2AB200A24BD3 /* ResultError.swift in Sources */ = {isa = PBXBuildFile; fileRef = B654E943215D2AB200A24BD3 /* ResultError.swift */; };
		B654E946215D2FB700A24BD3 /* HTTPCode.swift in Sources */ = {isa = PBXBuildFile; fileRef = B654E945215D2FB700A24BD3 /* HTTPCode.swift */; };
		B654E948215D33C900A24BD3 /* RatesRemoteInteractor.swift in Sources */ = {isa = PBXBuildFile; fileRef = B654E947215D33C900A24BD3 /* RatesRemoteInteractor.swift */; };
		B654E94A215D457400A24BD3 /* RatesRealTimeRequest.swift in Sources */ = {isa = PBXBuildFile; fileRef = B654E949215D457400A24BD3 /* RatesRealTimeRequest.swift */; };
		B654E94C215D45C600A24BD3 /* RatesRealTimeData.swift in Sources */ = {isa = PBXBuildFile; fileRef = B654E94B215D45C600A24BD3 /* RatesRealTimeData.swift */; };
		B654E94F215D47BA00A24BD3 /* RatesHistoricalRequest.swift in Sources */ = {isa = PBXBuildFile; fileRef = B654E94E215D47BA00A24BD3 /* RatesHistoricalRequest.swift */; };
		B654E951215D47D400A24BD3 /* RatesHistoricalData.swift in Sources */ = {isa = PBXBuildFile; fileRef = B654E950215D47D400A24BD3 /* RatesHistoricalData.swift */; };
		B654E955215D498600A24BD3 /* DateFormatterHelper.swift in Sources */ = {isa = PBXBuildFile; fileRef = B654E954215D498600A24BD3 /* DateFormatterHelper.swift */; };
		B654E95A215D528300A24BD3 /* RatesTVC.swift in Sources */ = {isa = PBXBuildFile; fileRef = B654E959215D528300A24BD3 /* RatesTVC.swift */; };
		B654E95C215D53C500A24BD3 /* HistorialRateCell.swift in Sources */ = {isa = PBXBuildFile; fileRef = B654E95B215D53C500A24BD3 /* HistorialRateCell.swift */; };
		B654E95F215D53FB00A24BD3 /* RatesPresenter.swift in Sources */ = {isa = PBXBuildFile; fileRef = B654E95E215D53FB00A24BD3 /* RatesPresenter.swift */; };
		B654E961215D540D00A24BD3 /* RatesViewModels.swift in Sources */ = {isa = PBXBuildFile; fileRef = B654E960215D540D00A24BD3 /* RatesViewModels.swift */; };
		B654E964215D5FE000A24BD3 /* CurrencyFomatter.swift in Sources */ = {isa = PBXBuildFile; fileRef = B654E963215D5FE000A24BD3 /* CurrencyFomatter.swift */; };
		B654E967215D6BCC00A24BD3 /* RatesRouter.swift in Sources */ = {isa = PBXBuildFile; fileRef = B654E966215D6BCC00A24BD3 /* RatesRouter.swift */; };
		B654E971215F6C2900A24BD3 /* Interface.storyboard in Resources */ = {isa = PBXBuildFile; fileRef = B654E96F215F6C2900A24BD3 /* Interface.storyboard */; };
		B654E973215F6C2C00A24BD3 /* Assets.xcassets in Resources */ = {isa = PBXBuildFile; fileRef = B654E972215F6C2C00A24BD3 /* Assets.xcassets */; };
		B654E97A215F6C2C00A24BD3 /* Watch Extension.appex in Embed App Extensions */ = {isa = PBXBuildFile; fileRef = B654E979215F6C2C00A24BD3 /* Watch Extension.appex */; settings = {ATTRIBUTES = (RemoveHeadersOnCopy, ); }; };
		B654E97F215F6C2C00A24BD3 /* WatchRatesController.swift in Sources */ = {isa = PBXBuildFile; fileRef = B654E97E215F6C2C00A24BD3 /* WatchRatesController.swift */; };
		B654E981215F6C2C00A24BD3 /* ExtensionDelegate.swift in Sources */ = {isa = PBXBuildFile; fileRef = B654E980215F6C2C00A24BD3 /* ExtensionDelegate.swift */; };
		B654E985215F6C2D00A24BD3 /* Assets.xcassets in Resources */ = {isa = PBXBuildFile; fileRef = B654E984215F6C2D00A24BD3 /* Assets.xcassets */; };
		B654E98A215F6C2D00A24BD3 /* Watch.app in Embed Watch Content */ = {isa = PBXBuildFile; fileRef = B654E96D215F6C2900A24BD3 /* Watch.app */; };
		B654E994215F715200A24BD3 /* RateRowController.swift in Sources */ = {isa = PBXBuildFile; fileRef = B654E993215F715200A24BD3 /* RateRowController.swift */; };
		B654E995215F719500A24BD3 /* RatesViewModels.swift in Sources */ = {isa = PBXBuildFile; fileRef = B654E960215D540D00A24BD3 /* RatesViewModels.swift */; };
		B654E996215F750600A24BD3 /* CoinDeskEndpoints.swift in Sources */ = {isa = PBXBuildFile; fileRef = B654E941215D261E00A24BD3 /* CoinDeskEndpoints.swift */; };
		B654E997215F750600A24BD3 /* RatesRealTimeRequest.swift in Sources */ = {isa = PBXBuildFile; fileRef = B654E949215D457400A24BD3 /* RatesRealTimeRequest.swift */; };
		B654E998215F750600A24BD3 /* RatesHistoricalRequest.swift in Sources */ = {isa = PBXBuildFile; fileRef = B654E94E215D47BA00A24BD3 /* RatesHistoricalRequest.swift */; };
		B654E99A215F750600A24BD3 /* RatesRealTimeData.swift in Sources */ = {isa = PBXBuildFile; fileRef = B654E94B215D45C600A24BD3 /* RatesRealTimeData.swift */; };
		B654E99B215F750600A24BD3 /* RatesHistoricalData.swift in Sources */ = {isa = PBXBuildFile; fileRef = B654E950215D47D400A24BD3 /* RatesHistoricalData.swift */; };
		B654E99C215F751000A24BD3 /* CurrencyFomatter.swift in Sources */ = {isa = PBXBuildFile; fileRef = B654E963215D5FE000A24BD3 /* CurrencyFomatter.swift */; };
		B654E99D215F751000A24BD3 /* DateFormatterHelper.swift in Sources */ = {isa = PBXBuildFile; fileRef = B654E954215D498600A24BD3 /* DateFormatterHelper.swift */; };
		B654E99F215F751600A24BD3 /* Result.swift in Sources */ = {isa = PBXBuildFile; fileRef = B654E937215D22A600A24BD3 /* Result.swift */; };
		B654E9A0215F751600A24BD3 /* RequestProtocol.swift in Sources */ = {isa = PBXBuildFile; fileRef = B654E939215D230E00A24BD3 /* RequestProtocol.swift */; };
		B654E9A1215F751600A24BD3 /* RequestManager.swift in Sources */ = {isa = PBXBuildFile; fileRef = B654E93B215D244A00A24BD3 /* RequestManager.swift */; };
		B654E9A2215F751600A24BD3 /* EndpointProtocol.swift in Sources */ = {isa = PBXBuildFile; fileRef = B654E93D215D247300A24BD3 /* EndpointProtocol.swift */; };
		B654E9A3215F751600A24BD3 /* ResultError.swift in Sources */ = {isa = PBXBuildFile; fileRef = B654E943215D2AB200A24BD3 /* ResultError.swift */; };
		B654E9A4215F751600A24BD3 /* HTTPCode.swift in Sources */ = {isa = PBXBuildFile; fileRef = B654E945215D2FB700A24BD3 /* HTTPCode.swift */; };
		B654E9A6215F761500A24BD3 /* RatesPresenter.swift in Sources */ = {isa = PBXBuildFile; fileRef = B654E95E215D53FB00A24BD3 /* RatesPresenter.swift */; };
		B65E7E9F215FFD1A00C05513 /* HistoricalData.json in Resources */ = {isa = PBXBuildFile; fileRef = B65E7E9D215FFD1A00C05513 /* HistoricalData.json */; };
		B65E7EA0215FFD1A00C05513 /* RealTimeData.json in Resources */ = {isa = PBXBuildFile; fileRef = B65E7E9E215FFD1A00C05513 /* RealTimeData.json */; };
		B65E7EA2215FFECB00C05513 /* Extensions.swift in Sources */ = {isa = PBXBuildFile; fileRef = B65E7EA1215FFECB00C05513 /* Extensions.swift */; };
		B65E7EA621600ADC00C05513 /* LocalInteractorTests.swift in Sources */ = {isa = PBXBuildFile; fileRef = B65E7EA521600ADC00C05513 /* LocalInteractorTests.swift */; };
		B65E7EA821600F7200C05513 /* RatesModuleTests.swift in Sources */ = {isa = PBXBuildFile; fileRef = B65E7EA721600F7200C05513 /* RatesModuleTests.swift */; };
		B65E7EAB21600FA800C05513 /* MockRequestManager.swift in Sources */ = {isa = PBXBuildFile; fileRef = B65E7EAA21600FA800C05513 /* MockRequestManager.swift */; };
		B65E7EAD216010DF00C05513 /* MockViewInterface.swift in Sources */ = {isa = PBXBuildFile; fileRef = B65E7EAC216010DF00C05513 /* MockViewInterface.swift */; };
		B65E7EAF21601FBE00C05513 /* ExtensionTests.swift in Sources */ = {isa = PBXBuildFile; fileRef = B65E7EAE21601FBE00C05513 /* ExtensionTests.swift */; };
		B65E7EB12160229D00C05513 /* RatesTVCTests.swift in Sources */ = {isa = PBXBuildFile; fileRef = B65E7EB02160229D00C05513 /* RatesTVCTests.swift */; };
		B65E7EB42160259700C05513 /* MockRatesRouter.swift in Sources */ = {isa = PBXBuildFile; fileRef = B65E7EB32160259700C05513 /* MockRatesRouter.swift */; };
		B65E7EBD2160D12F00C05513 /* NotificationCenter.framework in Frameworks */ = {isa = PBXBuildFile; fileRef = B65E7EBC2160D12F00C05513 /* NotificationCenter.framework */; };
		B65E7EC02160D12F00C05513 /* TodayViewController.swift in Sources */ = {isa = PBXBuildFile; fileRef = B65E7EBF2160D12F00C05513 /* TodayViewController.swift */; };
		B65E7EC32160D12F00C05513 /* MainInterface.storyboard in Resources */ = {isa = PBXBuildFile; fileRef = B65E7EC12160D12F00C05513 /* MainInterface.storyboard */; };
		B65E7EC72160D12F00C05513 /* CTWidget.appex in Embed App Extensions */ = {isa = PBXBuildFile; fileRef = B65E7EBA2160D12F00C05513 /* CTWidget.appex */; settings = {ATTRIBUTES = (RemoveHeadersOnCopy, ); }; };
		B65E7ECE2160DB6900C05513 /* RatesRealTimeData.swift in Sources */ = {isa = PBXBuildFile; fileRef = B654E94B215D45C600A24BD3 /* RatesRealTimeData.swift */; };
		B65E7ECF2160DB6900C05513 /* RatesHistoricalData.swift in Sources */ = {isa = PBXBuildFile; fileRef = B654E950215D47D400A24BD3 /* RatesHistoricalData.swift */; };
		B65E7ED02160DB7300C05513 /* CoinDeskEndpoints.swift in Sources */ = {isa = PBXBuildFile; fileRef = B654E941215D261E00A24BD3 /* CoinDeskEndpoints.swift */; };
		B65E7ED12160DB7300C05513 /* RatesRealTimeRequest.swift in Sources */ = {isa = PBXBuildFile; fileRef = B654E949215D457400A24BD3 /* RatesRealTimeRequest.swift */; };
		B65E7ED22160DB7300C05513 /* RatesHistoricalRequest.swift in Sources */ = {isa = PBXBuildFile; fileRef = B654E94E215D47BA00A24BD3 /* RatesHistoricalRequest.swift */; };
		B65E7ED32160DB7C00C05513 /* RequestProtocol.swift in Sources */ = {isa = PBXBuildFile; fileRef = B654E939215D230E00A24BD3 /* RequestProtocol.swift */; };
		B65E7ED42160DB7C00C05513 /* RequestManagerProtocol.swift in Sources */ = {isa = PBXBuildFile; fileRef = B653E08B215FDCD8004508BF /* RequestManagerProtocol.swift */; };
		B65E7ED52160DB8300C05513 /* Result.swift in Sources */ = {isa = PBXBuildFile; fileRef = B654E937215D22A600A24BD3 /* Result.swift */; };
		B65E7ED62160DB8300C05513 /* RequestManager.swift in Sources */ = {isa = PBXBuildFile; fileRef = B654E93B215D244A00A24BD3 /* RequestManager.swift */; };
		B65E7ED72160DB8300C05513 /* EndpointProtocol.swift in Sources */ = {isa = PBXBuildFile; fileRef = B654E93D215D247300A24BD3 /* EndpointProtocol.swift */; };
		B65E7ED82160DB8300C05513 /* ResultError.swift in Sources */ = {isa = PBXBuildFile; fileRef = B654E943215D2AB200A24BD3 /* ResultError.swift */; };
		B65E7ED92160DB8300C05513 /* HTTPCode.swift in Sources */ = {isa = PBXBuildFile; fileRef = B654E945215D2FB700A24BD3 /* HTTPCode.swift */; };
		B65E7EDA2160DBA000C05513 /* CurrencyFomatter.swift in Sources */ = {isa = PBXBuildFile; fileRef = B654E963215D5FE000A24BD3 /* CurrencyFomatter.swift */; };
		B65E7EDC2160DBC900C05513 /* DateFormatterHelper.swift in Sources */ = {isa = PBXBuildFile; fileRef = B654E954215D498600A24BD3 /* DateFormatterHelper.swift */; };
		B6A3995A21F1CCC900731CB1 /* AppConstants.swift in Sources */ = {isa = PBXBuildFile; fileRef = B6A3995921F1CCC900731CB1 /* AppConstants.swift */; };
		B6A3995B21F1CE7B00731CB1 /* AppConstants.swift in Sources */ = {isa = PBXBuildFile; fileRef = B6A3995921F1CCC900731CB1 /* AppConstants.swift */; };
		B6A3995C21F1CE7C00731CB1 /* AppConstants.swift in Sources */ = {isa = PBXBuildFile; fileRef = B6A3995921F1CCC900731CB1 /* AppConstants.swift */; };
		B6A3996E21F1D35300731CB1 /* RatesLocalizedResources.swift in Sources */ = {isa = PBXBuildFile; fileRef = B6A3995D21F1D0C800731CB1 /* RatesLocalizedResources.swift */; };
		B6A3997421F1D4BC00731CB1 /* RatesProtocols.swift in Sources */ = {isa = PBXBuildFile; fileRef = B654E956215D4D4200A24BD3 /* RatesProtocols.swift */; };
		B6A3997521F1D4BE00731CB1 /* RatesProtocols.swift in Sources */ = {isa = PBXBuildFile; fileRef = B654E956215D4D4200A24BD3 /* RatesProtocols.swift */; };
		B6A3997721F1D50600731CB1 /* RatesLocalizedResources.swift in Sources */ = {isa = PBXBuildFile; fileRef = B6A3995D21F1D0C800731CB1 /* RatesLocalizedResources.swift */; };
		B6A3997821F1D51100731CB1 /* RatesRemoteInteractor.swift in Sources */ = {isa = PBXBuildFile; fileRef = B654E947215D33C900A24BD3 /* RatesRemoteInteractor.swift */; };
		B6A3997921F1D54E00731CB1 /* RatesProtocols.swift in Sources */ = {isa = PBXBuildFile; fileRef = B654E956215D4D4200A24BD3 /* RatesProtocols.swift */; };
		B6A3997A21F1D55400731CB1 /* RatesRemoteInteractor.swift in Sources */ = {isa = PBXBuildFile; fileRef = B654E947215D33C900A24BD3 /* RatesRemoteInteractor.swift */; };
		B6A3997B21F1D55E00731CB1 /* RatesViewModels.swift in Sources */ = {isa = PBXBuildFile; fileRef = B654E960215D540D00A24BD3 /* RatesViewModels.swift */; };
		B6A3998221F1E5C500731CB1 /* UIAlertControllerExtensions.swift in Sources */ = {isa = PBXBuildFile; fileRef = B6A3998121F1E5C500731CB1 /* UIAlertControllerExtensions.swift */; };
		B6A3998621F1E93900731CB1 /* LoadingViewController.swift in Sources */ = {isa = PBXBuildFile; fileRef = B6A3998321F1E93900731CB1 /* LoadingViewController.swift */; };
		B6A3998721F1E93900731CB1 /* LoadingView.swift in Sources */ = {isa = PBXBuildFile; fileRef = B6A3998421F1E93900731CB1 /* LoadingView.swift */; };
		B6A3998821F1E93900731CB1 /* LoadingView.xib in Resources */ = {isa = PBXBuildFile; fileRef = B6A3998521F1E93900731CB1 /* LoadingView.xib */; };
/* End PBXBuildFile section */

/* Begin PBXContainerItemProxy section */
		B654E928215D1E6E00A24BD3 /* PBXContainerItemProxy */ = {
			isa = PBXContainerItemProxy;
			containerPortal = B654E90B215D1E6C00A24BD3 /* Project object */;
			proxyType = 1;
			remoteGlobalIDString = B654E912215D1E6C00A24BD3;
			remoteInfo = CryptoTracker;
		};
		B654E97B215F6C2C00A24BD3 /* PBXContainerItemProxy */ = {
			isa = PBXContainerItemProxy;
			containerPortal = B654E90B215D1E6C00A24BD3 /* Project object */;
			proxyType = 1;
			remoteGlobalIDString = B654E978215F6C2C00A24BD3;
			remoteInfo = "Watch Extension";
		};
		B654E988215F6C2D00A24BD3 /* PBXContainerItemProxy */ = {
			isa = PBXContainerItemProxy;
			containerPortal = B654E90B215D1E6C00A24BD3 /* Project object */;
			proxyType = 1;
			remoteGlobalIDString = B654E96C215F6C2900A24BD3;
			remoteInfo = Watch;
		};
		B65E7EC52160D12F00C05513 /* PBXContainerItemProxy */ = {
			isa = PBXContainerItemProxy;
			containerPortal = B654E90B215D1E6C00A24BD3 /* Project object */;
			proxyType = 1;
			remoteGlobalIDString = B65E7EB92160D12F00C05513;
			remoteInfo = CTWidget;
		};
/* End PBXContainerItemProxy section */

/* Begin PBXCopyFilesBuildPhase section */
		B654E98E215F6C2D00A24BD3 /* Embed App Extensions */ = {
			isa = PBXCopyFilesBuildPhase;
			buildActionMask = 2147483647;
			dstPath = "";
			dstSubfolderSpec = 13;
			files = (
				B654E97A215F6C2C00A24BD3 /* Watch Extension.appex in Embed App Extensions */,
			);
			name = "Embed App Extensions";
			runOnlyForDeploymentPostprocessing = 0;
		};
		B654E992215F6C2D00A24BD3 /* Embed Watch Content */ = {
			isa = PBXCopyFilesBuildPhase;
			buildActionMask = 2147483647;
			dstPath = "$(CONTENTS_FOLDER_PATH)/Watch";
			dstSubfolderSpec = 16;
			files = (
				B654E98A215F6C2D00A24BD3 /* Watch.app in Embed Watch Content */,
			);
			name = "Embed Watch Content";
			runOnlyForDeploymentPostprocessing = 0;
		};
		B65E7ECB2160D12F00C05513 /* Embed App Extensions */ = {
			isa = PBXCopyFilesBuildPhase;
			buildActionMask = 2147483647;
			dstPath = "";
			dstSubfolderSpec = 13;
			files = (
				B65E7EC72160D12F00C05513 /* CTWidget.appex in Embed App Extensions */,
			);
			name = "Embed App Extensions";
			runOnlyForDeploymentPostprocessing = 0;
		};
/* End PBXCopyFilesBuildPhase section */

/* Begin PBXFileReference section */
		B606D10921EDE9B60072FFDB /* UIViewExtensions.swift */ = {isa = PBXFileReference; lastKnownFileType = sourcecode.swift; path = UIViewExtensions.swift; sourceTree = "<group>"; };
		B606D10B21EDFDA80072FFDB /* HtmlDecoder.swift */ = {isa = PBXFileReference; lastKnownFileType = sourcecode.swift; path = HtmlDecoder.swift; sourceTree = "<group>"; };
		B653E083215FBA73004508BF /* CacheManager.swift */ = {isa = PBXFileReference; lastKnownFileType = sourcecode.swift; path = CacheManager.swift; sourceTree = "<group>"; };
		B653E085215FC10A004508BF /* RatesLocalInteractor.swift */ = {isa = PBXFileReference; lastKnownFileType = sourcecode.swift; path = RatesLocalInteractor.swift; sourceTree = "<group>"; };
		B653E08B215FDCD8004508BF /* RequestManagerProtocol.swift */ = {isa = PBXFileReference; lastKnownFileType = sourcecode.swift; path = RequestManagerProtocol.swift; sourceTree = "<group>"; };
		B653E08E215FE577004508BF /* MockHelper.swift */ = {isa = PBXFileReference; lastKnownFileType = sourcecode.swift; path = MockHelper.swift; sourceTree = "<group>"; };
		B654E913215D1E6C00A24BD3 /* CryptoTracker.app */ = {isa = PBXFileReference; explicitFileType = wrapper.application; includeInIndex = 0; path = CryptoTracker.app; sourceTree = BUILT_PRODUCTS_DIR; };
		B654E916215D1E6C00A24BD3 /* AppDelegate.swift */ = {isa = PBXFileReference; lastKnownFileType = sourcecode.swift; path = AppDelegate.swift; sourceTree = "<group>"; };
		B654E91D215D1E6E00A24BD3 /* Assets.xcassets */ = {isa = PBXFileReference; lastKnownFileType = folder.assetcatalog; path = Assets.xcassets; sourceTree = "<group>"; };
		B654E920215D1E6E00A24BD3 /* Base */ = {isa = PBXFileReference; lastKnownFileType = file.storyboard; name = Base; path = Base.lproj/LaunchScreen.storyboard; sourceTree = "<group>"; };
		B654E922215D1E6E00A24BD3 /* Info.plist */ = {isa = PBXFileReference; lastKnownFileType = text.plist.xml; path = Info.plist; sourceTree = "<group>"; };
		B654E927215D1E6E00A24BD3 /* CryptoTrackerTests.xctest */ = {isa = PBXFileReference; explicitFileType = wrapper.cfbundle; includeInIndex = 0; path = CryptoTrackerTests.xctest; sourceTree = BUILT_PRODUCTS_DIR; };
		B654E92B215D1E6E00A24BD3 /* RemoteInteractorTests.swift */ = {isa = PBXFileReference; lastKnownFileType = sourcecode.swift; path = RemoteInteractorTests.swift; sourceTree = "<group>"; };
		B654E92D215D1E6E00A24BD3 /* Info.plist */ = {isa = PBXFileReference; lastKnownFileType = text.plist.xml; path = Info.plist; sourceTree = "<group>"; };
		B654E937215D22A600A24BD3 /* Result.swift */ = {isa = PBXFileReference; lastKnownFileType = sourcecode.swift; path = Result.swift; sourceTree = "<group>"; };
		B654E939215D230E00A24BD3 /* RequestProtocol.swift */ = {isa = PBXFileReference; lastKnownFileType = sourcecode.swift; path = RequestProtocol.swift; sourceTree = "<group>"; };
		B654E93B215D244A00A24BD3 /* RequestManager.swift */ = {isa = PBXFileReference; lastKnownFileType = sourcecode.swift; path = RequestManager.swift; sourceTree = "<group>"; };
		B654E93D215D247300A24BD3 /* EndpointProtocol.swift */ = {isa = PBXFileReference; lastKnownFileType = sourcecode.swift; path = EndpointProtocol.swift; sourceTree = "<group>"; };
		B654E941215D261E00A24BD3 /* CoinDeskEndpoints.swift */ = {isa = PBXFileReference; lastKnownFileType = sourcecode.swift; path = CoinDeskEndpoints.swift; sourceTree = "<group>"; };
		B654E943215D2AB200A24BD3 /* ResultError.swift */ = {isa = PBXFileReference; lastKnownFileType = sourcecode.swift; path = ResultError.swift; sourceTree = "<group>"; };
		B654E945215D2FB700A24BD3 /* HTTPCode.swift */ = {isa = PBXFileReference; lastKnownFileType = sourcecode.swift; path = HTTPCode.swift; sourceTree = "<group>"; };
		B654E947215D33C900A24BD3 /* RatesRemoteInteractor.swift */ = {isa = PBXFileReference; lastKnownFileType = sourcecode.swift; path = RatesRemoteInteractor.swift; sourceTree = "<group>"; };
		B654E949215D457400A24BD3 /* RatesRealTimeRequest.swift */ = {isa = PBXFileReference; lastKnownFileType = sourcecode.swift; path = RatesRealTimeRequest.swift; sourceTree = "<group>"; };
		B654E94B215D45C600A24BD3 /* RatesRealTimeData.swift */ = {isa = PBXFileReference; lastKnownFileType = sourcecode.swift; path = RatesRealTimeData.swift; sourceTree = "<group>"; };
		B654E94E215D47BA00A24BD3 /* RatesHistoricalRequest.swift */ = {isa = PBXFileReference; lastKnownFileType = sourcecode.swift; path = RatesHistoricalRequest.swift; sourceTree = "<group>"; };
		B654E950215D47D400A24BD3 /* RatesHistoricalData.swift */ = {isa = PBXFileReference; lastKnownFileType = sourcecode.swift; path = RatesHistoricalData.swift; sourceTree = "<group>"; };
		B654E954215D498600A24BD3 /* DateFormatterHelper.swift */ = {isa = PBXFileReference; lastKnownFileType = sourcecode.swift; path = DateFormatterHelper.swift; sourceTree = "<group>"; };
		B654E956215D4D4200A24BD3 /* RatesProtocols.swift */ = {isa = PBXFileReference; lastKnownFileType = sourcecode.swift; path = RatesProtocols.swift; sourceTree = "<group>"; };
		B654E959215D528300A24BD3 /* RatesTVC.swift */ = {isa = PBXFileReference; lastKnownFileType = sourcecode.swift; path = RatesTVC.swift; sourceTree = "<group>"; };
		B654E95B215D53C500A24BD3 /* HistorialRateCell.swift */ = {isa = PBXFileReference; lastKnownFileType = sourcecode.swift; path = HistorialRateCell.swift; sourceTree = "<group>"; };
		B654E95E215D53FB00A24BD3 /* RatesPresenter.swift */ = {isa = PBXFileReference; lastKnownFileType = sourcecode.swift; path = RatesPresenter.swift; sourceTree = "<group>"; };
		B654E960215D540D00A24BD3 /* RatesViewModels.swift */ = {isa = PBXFileReference; lastKnownFileType = sourcecode.swift; path = RatesViewModels.swift; sourceTree = "<group>"; };
		B654E963215D5FE000A24BD3 /* CurrencyFomatter.swift */ = {isa = PBXFileReference; lastKnownFileType = sourcecode.swift; path = CurrencyFomatter.swift; sourceTree = "<group>"; };
		B654E966215D6BCC00A24BD3 /* RatesRouter.swift */ = {isa = PBXFileReference; lastKnownFileType = sourcecode.swift; path = RatesRouter.swift; sourceTree = "<group>"; };
		B654E96D215F6C2900A24BD3 /* Watch.app */ = {isa = PBXFileReference; explicitFileType = wrapper.application; includeInIndex = 0; path = Watch.app; sourceTree = BUILT_PRODUCTS_DIR; };
		B654E970215F6C2900A24BD3 /* Base */ = {isa = PBXFileReference; lastKnownFileType = file.storyboard; name = Base; path = Base.lproj/Interface.storyboard; sourceTree = "<group>"; };
		B654E972215F6C2C00A24BD3 /* Assets.xcassets */ = {isa = PBXFileReference; lastKnownFileType = folder.assetcatalog; path = Assets.xcassets; sourceTree = "<group>"; };
		B654E974215F6C2C00A24BD3 /* Info.plist */ = {isa = PBXFileReference; lastKnownFileType = text.plist.xml; path = Info.plist; sourceTree = "<group>"; };
		B654E979215F6C2C00A24BD3 /* Watch Extension.appex */ = {isa = PBXFileReference; explicitFileType = "wrapper.app-extension"; includeInIndex = 0; path = "Watch Extension.appex"; sourceTree = BUILT_PRODUCTS_DIR; };
		B654E97E215F6C2C00A24BD3 /* WatchRatesController.swift */ = {isa = PBXFileReference; lastKnownFileType = sourcecode.swift; path = WatchRatesController.swift; sourceTree = "<group>"; };
		B654E980215F6C2C00A24BD3 /* ExtensionDelegate.swift */ = {isa = PBXFileReference; lastKnownFileType = sourcecode.swift; path = ExtensionDelegate.swift; sourceTree = "<group>"; };
		B654E984215F6C2D00A24BD3 /* Assets.xcassets */ = {isa = PBXFileReference; lastKnownFileType = folder.assetcatalog; path = Assets.xcassets; sourceTree = "<group>"; };
		B654E986215F6C2D00A24BD3 /* Info.plist */ = {isa = PBXFileReference; lastKnownFileType = text.plist.xml; path = Info.plist; sourceTree = "<group>"; };
		B654E987215F6C2D00A24BD3 /* PushNotificationPayload.apns */ = {isa = PBXFileReference; lastKnownFileType = text; path = PushNotificationPayload.apns; sourceTree = "<group>"; };
		B654E993215F715200A24BD3 /* RateRowController.swift */ = {isa = PBXFileReference; lastKnownFileType = sourcecode.swift; path = RateRowController.swift; sourceTree = "<group>"; };
		B65E7E9D215FFD1A00C05513 /* HistoricalData.json */ = {isa = PBXFileReference; fileEncoding = 4; lastKnownFileType = text.json; path = HistoricalData.json; sourceTree = "<group>"; };
		B65E7E9E215FFD1A00C05513 /* RealTimeData.json */ = {isa = PBXFileReference; fileEncoding = 4; lastKnownFileType = text.json; path = RealTimeData.json; sourceTree = "<group>"; };
		B65E7EA1215FFECB00C05513 /* Extensions.swift */ = {isa = PBXFileReference; lastKnownFileType = sourcecode.swift; path = Extensions.swift; sourceTree = "<group>"; };
		B65E7EA521600ADC00C05513 /* LocalInteractorTests.swift */ = {isa = PBXFileReference; lastKnownFileType = sourcecode.swift; path = LocalInteractorTests.swift; sourceTree = "<group>"; };
		B65E7EA721600F7200C05513 /* RatesModuleTests.swift */ = {isa = PBXFileReference; lastKnownFileType = sourcecode.swift; path = RatesModuleTests.swift; sourceTree = "<group>"; };
		B65E7EAA21600FA800C05513 /* MockRequestManager.swift */ = {isa = PBXFileReference; lastKnownFileType = sourcecode.swift; path = MockRequestManager.swift; sourceTree = "<group>"; };
		B65E7EAC216010DF00C05513 /* MockViewInterface.swift */ = {isa = PBXFileReference; lastKnownFileType = sourcecode.swift; path = MockViewInterface.swift; sourceTree = "<group>"; };
		B65E7EAE21601FBE00C05513 /* ExtensionTests.swift */ = {isa = PBXFileReference; lastKnownFileType = sourcecode.swift; path = ExtensionTests.swift; sourceTree = "<group>"; };
		B65E7EB02160229D00C05513 /* RatesTVCTests.swift */ = {isa = PBXFileReference; lastKnownFileType = sourcecode.swift; path = RatesTVCTests.swift; sourceTree = "<group>"; };
		B65E7EB32160259700C05513 /* MockRatesRouter.swift */ = {isa = PBXFileReference; lastKnownFileType = sourcecode.swift; path = MockRatesRouter.swift; sourceTree = "<group>"; };
		B65E7EBA2160D12F00C05513 /* CTWidget.appex */ = {isa = PBXFileReference; explicitFileType = "wrapper.app-extension"; includeInIndex = 0; path = CTWidget.appex; sourceTree = BUILT_PRODUCTS_DIR; };
		B65E7EBC2160D12F00C05513 /* NotificationCenter.framework */ = {isa = PBXFileReference; lastKnownFileType = wrapper.framework; name = NotificationCenter.framework; path = System/Library/Frameworks/NotificationCenter.framework; sourceTree = SDKROOT; };
		B65E7EBF2160D12F00C05513 /* TodayViewController.swift */ = {isa = PBXFileReference; lastKnownFileType = sourcecode.swift; path = TodayViewController.swift; sourceTree = "<group>"; };
		B65E7EC22160D12F00C05513 /* Base */ = {isa = PBXFileReference; lastKnownFileType = file.storyboard; name = Base; path = Base.lproj/MainInterface.storyboard; sourceTree = "<group>"; };
		B65E7EC42160D12F00C05513 /* Info.plist */ = {isa = PBXFileReference; lastKnownFileType = text.plist.xml; path = Info.plist; sourceTree = "<group>"; };
		B6A3995921F1CCC900731CB1 /* AppConstants.swift */ = {isa = PBXFileReference; lastKnownFileType = sourcecode.swift; path = AppConstants.swift; sourceTree = "<group>"; };
		B6A3995D21F1D0C800731CB1 /* RatesLocalizedResources.swift */ = {isa = PBXFileReference; lastKnownFileType = sourcecode.swift; path = RatesLocalizedResources.swift; sourceTree = "<group>"; };
		B6A3998121F1E5C500731CB1 /* UIAlertControllerExtensions.swift */ = {isa = PBXFileReference; fileEncoding = 4; lastKnownFileType = sourcecode.swift; path = UIAlertControllerExtensions.swift; sourceTree = "<group>"; };
		B6A3998321F1E93900731CB1 /* LoadingViewController.swift */ = {isa = PBXFileReference; fileEncoding = 4; lastKnownFileType = sourcecode.swift; path = LoadingViewController.swift; sourceTree = "<group>"; };
		B6A3998421F1E93900731CB1 /* LoadingView.swift */ = {isa = PBXFileReference; fileEncoding = 4; lastKnownFileType = sourcecode.swift; path = LoadingView.swift; sourceTree = "<group>"; };
		B6A3998521F1E93900731CB1 /* LoadingView.xib */ = {isa = PBXFileReference; fileEncoding = 4; lastKnownFileType = file.xib; path = LoadingView.xib; sourceTree = "<group>"; };
/* End PBXFileReference section */

/* Begin PBXFrameworksBuildPhase section */
		B654E910215D1E6C00A24BD3 /* Frameworks */ = {
			isa = PBXFrameworksBuildPhase;
			buildActionMask = 2147483647;
			files = (
			);
			runOnlyForDeploymentPostprocessing = 0;
		};
		B654E924215D1E6E00A24BD3 /* Frameworks */ = {
			isa = PBXFrameworksBuildPhase;
			buildActionMask = 2147483647;
			files = (
			);
			runOnlyForDeploymentPostprocessing = 0;
		};
		B654E976215F6C2C00A24BD3 /* Frameworks */ = {
			isa = PBXFrameworksBuildPhase;
			buildActionMask = 2147483647;
			files = (
			);
			runOnlyForDeploymentPostprocessing = 0;
		};
		B65E7EB72160D12F00C05513 /* Frameworks */ = {
			isa = PBXFrameworksBuildPhase;
			buildActionMask = 2147483647;
			files = (
				B65E7EBD2160D12F00C05513 /* NotificationCenter.framework in Frameworks */,
			);
			runOnlyForDeploymentPostprocessing = 0;
		};
/* End PBXFrameworksBuildPhase section */

/* Begin PBXGroup section */
		B653E08A215FDCC8004508BF /* Protocols */ = {
			isa = PBXGroup;
			children = (
				B654E939215D230E00A24BD3 /* RequestProtocol.swift */,
				B653E08B215FDCD8004508BF /* RequestManagerProtocol.swift */,
			);
			path = Protocols;
			sourceTree = "<group>";
		};
		B653E090215FE6C4004508BF /* Helpers */ = {
			isa = PBXGroup;
			children = (
				B653E08E215FE577004508BF /* MockHelper.swift */,
				B65E7EA1215FFECB00C05513 /* Extensions.swift */,
			);
			path = Helpers;
			sourceTree = "<group>";
		};
		B654E90A215D1E6C00A24BD3 = {
			isa = PBXGroup;
			children = (
				B654E915215D1E6C00A24BD3 /* CryptoTracker */,
				B654E92A215D1E6E00A24BD3 /* CryptoTrackerTests */,
				B654E96E215F6C2900A24BD3 /* Watch */,
				B654E97D215F6C2C00A24BD3 /* Watch Extension */,
				B65E7EBE2160D12F00C05513 /* CTWidget */,
				B65E7EBB2160D12F00C05513 /* Frameworks */,
				B654E914215D1E6C00A24BD3 /* Products */,
			);
			sourceTree = "<group>";
		};
		B654E914215D1E6C00A24BD3 /* Products */ = {
			isa = PBXGroup;
			children = (
				B654E913215D1E6C00A24BD3 /* CryptoTracker.app */,
				B654E927215D1E6E00A24BD3 /* CryptoTrackerTests.xctest */,
				B654E96D215F6C2900A24BD3 /* Watch.app */,
				B654E979215F6C2C00A24BD3 /* Watch Extension.appex */,
				B65E7EBA2160D12F00C05513 /* CTWidget.appex */,
			);
			name = Products;
			sourceTree = "<group>";
		};
		B654E915215D1E6C00A24BD3 /* CryptoTracker */ = {
			isa = PBXGroup;
			children = (
				B6A3996621F1D24F00731CB1 /* Data */,
				B6A3996521F1D24800731CB1 /* Domain */,
				B6A3996421F1D23400731CB1 /* Presentation */,
				B654E968215D6C2C00A24BD3 /* Resources */,
				B654E916215D1E6C00A24BD3 /* AppDelegate.swift */,
				B654E922215D1E6E00A24BD3 /* Info.plist */,
			);
			path = CryptoTracker;
			sourceTree = "<group>";
		};
		B654E92A215D1E6E00A24BD3 /* CryptoTrackerTests */ = {
			isa = PBXGroup;
			children = (
				B6A3997C21F1D71000731CB1 /* BTCRates */,
				B65E7EA921600F9200C05513 /* Mock */,
				B654E92D215D1E6E00A24BD3 /* Info.plist */,
				B653E090215FE6C4004508BF /* Helpers */,
				B65E7EAE21601FBE00C05513 /* ExtensionTests.swift */,
			);
			path = CryptoTrackerTests;
			sourceTree = "<group>";
		};
		B654E968215D6C2C00A24BD3 /* Resources */ = {
			isa = PBXGroup;
			children = (
				B654E91D215D1E6E00A24BD3 /* Assets.xcassets */,
				B654E91F215D1E6E00A24BD3 /* LaunchScreen.storyboard */,
			);
			path = Resources;
			sourceTree = "<group>";
		};
		B654E96E215F6C2900A24BD3 /* Watch */ = {
			isa = PBXGroup;
			children = (
				B654E96F215F6C2900A24BD3 /* Interface.storyboard */,
				B654E972215F6C2C00A24BD3 /* Assets.xcassets */,
				B654E974215F6C2C00A24BD3 /* Info.plist */,
			);
			path = Watch;
			sourceTree = "<group>";
		};
		B654E97D215F6C2C00A24BD3 /* Watch Extension */ = {
			isa = PBXGroup;
			children = (
				B654E9A9215F794500A24BD3 /* Resources */,
				B654E9A7215F791800A24BD3 /* ViewInterface */,
				B654E980215F6C2C00A24BD3 /* ExtensionDelegate.swift */,
				B654E986215F6C2D00A24BD3 /* Info.plist */,
			);
			path = "Watch Extension";
			sourceTree = "<group>";
		};
		B654E9A7215F791800A24BD3 /* ViewInterface */ = {
			isa = PBXGroup;
			children = (
				B654E9A8215F793300A24BD3 /* Groups */,
				B654E97E215F6C2C00A24BD3 /* WatchRatesController.swift */,
			);
			path = ViewInterface;
			sourceTree = "<group>";
		};
		B654E9A8215F793300A24BD3 /* Groups */ = {
			isa = PBXGroup;
			children = (
				B654E993215F715200A24BD3 /* RateRowController.swift */,
			);
			path = Groups;
			sourceTree = "<group>";
		};
		B654E9A9215F794500A24BD3 /* Resources */ = {
			isa = PBXGroup;
			children = (
				B654E984215F6C2D00A24BD3 /* Assets.xcassets */,
				B654E987215F6C2D00A24BD3 /* PushNotificationPayload.apns */,
			);
			path = Resources;
			sourceTree = "<group>";
		};
		B65E7E9C215FFCC900C05513 /* JSON */ = {
			isa = PBXGroup;
			children = (
				B65E7E9D215FFD1A00C05513 /* HistoricalData.json */,
				B65E7E9E215FFD1A00C05513 /* RealTimeData.json */,
			);
			path = JSON;
			sourceTree = "<group>";
		};
		B65E7EA921600F9200C05513 /* Mock */ = {
			isa = PBXGroup;
			children = (
				B65E7E9C215FFCC900C05513 /* JSON */,
				B65E7EAA21600FA800C05513 /* MockRequestManager.swift */,
				B65E7EAC216010DF00C05513 /* MockViewInterface.swift */,
				B65E7EB32160259700C05513 /* MockRatesRouter.swift */,
			);
			path = Mock;
			sourceTree = "<group>";
		};
		B65E7EBB2160D12F00C05513 /* Frameworks */ = {
			isa = PBXGroup;
			children = (
				B65E7EBC2160D12F00C05513 /* NotificationCenter.framework */,
			);
			name = Frameworks;
			sourceTree = "<group>";
		};
		B65E7EBE2160D12F00C05513 /* CTWidget */ = {
			isa = PBXGroup;
			children = (
				B65E7EBF2160D12F00C05513 /* TodayViewController.swift */,
				B65E7EC12160D12F00C05513 /* MainInterface.storyboard */,
				B65E7EC42160D12F00C05513 /* Info.plist */,
			);
			path = CTWidget;
			sourceTree = "<group>";
		};
		B6A3995F21F1D1E300731CB1 /* Views */ = {
			isa = PBXGroup;
			children = (
				B6A3998021F1E5B800731CB1 /* Alert */,
				B6A3997F21F1E5B300731CB1 /* Loading */,
			);
			path = Views;
			sourceTree = "<group>";
		};
		B6A3996421F1D23400731CB1 /* Presentation */ = {
			isa = PBXGroup;
			children = (
				B6A3996F21F1D39F00731CB1 /* Shared */,
				B6A3996B21F1D2BB00731CB1 /* BTCRates */,
			);
			path = Presentation;
			sourceTree = "<group>";
		};
		B6A3996521F1D24800731CB1 /* Domain */ = {
			isa = PBXGroup;
			children = (
				B6A3997221F1D3EA00731CB1 /* Shared */,
				B6A3996A21F1D2B500731CB1 /* BTCRates */,
			);
			path = Domain;
			sourceTree = "<group>";
		};
		B6A3996621F1D24F00731CB1 /* Data */ = {
			isa = PBXGroup;
			children = (
				B6A3996821F1D26200731CB1 /* Network */,
				B6A3996721F1D25B00731CB1 /* Model */,
			);
			path = Data;
			sourceTree = "<group>";
		};
		B6A3996721F1D25B00731CB1 /* Model */ = {
			isa = PBXGroup;
			children = (
				B654E94B215D45C600A24BD3 /* RatesRealTimeData.swift */,
				B654E950215D47D400A24BD3 /* RatesHistoricalData.swift */,
			);
			path = Model;
			sourceTree = "<group>";
		};
		B6A3996821F1D26200731CB1 /* Network */ = {
			isa = PBXGroup;
			children = (
				B654E941215D261E00A24BD3 /* CoinDeskEndpoints.swift */,
				B654E949215D457400A24BD3 /* RatesRealTimeRequest.swift */,
				B654E94E215D47BA00A24BD3 /* RatesHistoricalRequest.swift */,
				B6A3996921F1D26A00731CB1 /* Common */,
			);
			path = Network;
			sourceTree = "<group>";
		};
		B6A3996921F1D26A00731CB1 /* Common */ = {
			isa = PBXGroup;
			children = (
				B653E08A215FDCC8004508BF /* Protocols */,
				B654E937215D22A600A24BD3 /* Result.swift */,
				B654E93B215D244A00A24BD3 /* RequestManager.swift */,
				B654E93D215D247300A24BD3 /* EndpointProtocol.swift */,
				B654E943215D2AB200A24BD3 /* ResultError.swift */,
				B654E945215D2FB700A24BD3 /* HTTPCode.swift */,
			);
			path = Common;
			sourceTree = "<group>";
		};
		B6A3996A21F1D2B500731CB1 /* BTCRates */ = {
			isa = PBXGroup;
			children = (
				B654E947215D33C900A24BD3 /* RatesRemoteInteractor.swift */,
				B653E085215FC10A004508BF /* RatesLocalInteractor.swift */,
				B654E956215D4D4200A24BD3 /* RatesProtocols.swift */,
				B654E966215D6BCC00A24BD3 /* RatesRouter.swift */,
			);
			path = BTCRates;
			sourceTree = "<group>";
		};
		B6A3996B21F1D2BB00731CB1 /* BTCRates */ = {
			isa = PBXGroup;
			children = (
				B654E95E215D53FB00A24BD3 /* RatesPresenter.swift */,
				B654E959215D528300A24BD3 /* RatesTVC.swift */,
				B654E95B215D53C500A24BD3 /* HistorialRateCell.swift */,
				B654E960215D540D00A24BD3 /* RatesViewModels.swift */,
				B6A3995D21F1D0C800731CB1 /* RatesLocalizedResources.swift */,
			);
			path = BTCRates;
			sourceTree = "<group>";
		};
		B6A3996F21F1D39F00731CB1 /* Shared */ = {
			isa = PBXGroup;
			children = (
				B6A3997121F1D3D900731CB1 /* Formatters */,
				B6A3997021F1D3B800731CB1 /* Layout */,
				B6A3995F21F1D1E300731CB1 /* Views */,
			);
			path = Shared;
			sourceTree = "<group>";
		};
		B6A3997021F1D3B800731CB1 /* Layout */ = {
			isa = PBXGroup;
			children = (
				B606D10921EDE9B60072FFDB /* UIViewExtensions.swift */,
			);
			path = Layout;
			sourceTree = "<group>";
		};
		B6A3997121F1D3D900731CB1 /* Formatters */ = {
			isa = PBXGroup;
			children = (
				B654E954215D498600A24BD3 /* DateFormatterHelper.swift */,
				B654E963215D5FE000A24BD3 /* CurrencyFomatter.swift */,
				B606D10B21EDFDA80072FFDB /* HtmlDecoder.swift */,
			);
			path = Formatters;
			sourceTree = "<group>";
		};
		B6A3997221F1D3EA00731CB1 /* Shared */ = {
			isa = PBXGroup;
			children = (
				B6A3995921F1CCC900731CB1 /* AppConstants.swift */,
				B6D2A99C21A80AE500DA8F82 /* Cache */,
			);
			path = Shared;
			sourceTree = "<group>";
		};
		B6A3997C21F1D71000731CB1 /* BTCRates */ = {
			isa = PBXGroup;
			children = (
				B654E92B215D1E6E00A24BD3 /* RemoteInteractorTests.swift */,
				B65E7EA521600ADC00C05513 /* LocalInteractorTests.swift */,
				B65E7EA721600F7200C05513 /* RatesModuleTests.swift */,
				B65E7EB02160229D00C05513 /* RatesTVCTests.swift */,
			);
			path = BTCRates;
			sourceTree = "<group>";
		};
		B6A3997F21F1E5B300731CB1 /* Loading */ = {
			isa = PBXGroup;
			children = (
				B6A3998421F1E93900731CB1 /* LoadingView.swift */,
				B6A3998521F1E93900731CB1 /* LoadingView.xib */,
				B6A3998321F1E93900731CB1 /* LoadingViewController.swift */,
			);
			path = Loading;
			sourceTree = "<group>";
		};
		B6A3998021F1E5B800731CB1 /* Alert */ = {
			isa = PBXGroup;
			children = (
				B6A3998121F1E5C500731CB1 /* UIAlertControllerExtensions.swift */,
			);
			path = Alert;
			sourceTree = "<group>";
		};
		B6D2A99C21A80AE500DA8F82 /* Cache */ = {
			isa = PBXGroup;
			children = (
				B653E083215FBA73004508BF /* CacheManager.swift */,
			);
			path = Cache;
			sourceTree = "<group>";
		};
/* End PBXGroup section */

/* Begin PBXNativeTarget section */
		B654E912215D1E6C00A24BD3 /* CryptoTracker */ = {
			isa = PBXNativeTarget;
			buildConfigurationList = B654E930215D1E6E00A24BD3 /* Build configuration list for PBXNativeTarget "CryptoTracker" */;
			buildPhases = (
				B654E90F215D1E6C00A24BD3 /* Sources */,
				B654E910215D1E6C00A24BD3 /* Frameworks */,
				B654E911215D1E6C00A24BD3 /* Resources */,
				B654E992215F6C2D00A24BD3 /* Embed Watch Content */,
				B65E7ECB2160D12F00C05513 /* Embed App Extensions */,
			);
			buildRules = (
			);
			dependencies = (
				B654E989215F6C2D00A24BD3 /* PBXTargetDependency */,
				B65E7EC62160D12F00C05513 /* PBXTargetDependency */,
			);
			name = CryptoTracker;
			productName = CryptoTracker;
			productReference = B654E913215D1E6C00A24BD3 /* CryptoTracker.app */;
			productType = "com.apple.product-type.application";
		};
		B654E926215D1E6E00A24BD3 /* CryptoTrackerTests */ = {
			isa = PBXNativeTarget;
			buildConfigurationList = B654E933215D1E6E00A24BD3 /* Build configuration list for PBXNativeTarget "CryptoTrackerTests" */;
			buildPhases = (
				B654E923215D1E6E00A24BD3 /* Sources */,
				B654E924215D1E6E00A24BD3 /* Frameworks */,
				B654E925215D1E6E00A24BD3 /* Resources */,
			);
			buildRules = (
			);
			dependencies = (
				B654E929215D1E6E00A24BD3 /* PBXTargetDependency */,
			);
			name = CryptoTrackerTests;
			productName = CryptoTrackerTests;
			productReference = B654E927215D1E6E00A24BD3 /* CryptoTrackerTests.xctest */;
			productType = "com.apple.product-type.bundle.unit-test";
		};
		B654E96C215F6C2900A24BD3 /* Watch */ = {
			isa = PBXNativeTarget;
			buildConfigurationList = B654E98F215F6C2D00A24BD3 /* Build configuration list for PBXNativeTarget "Watch" */;
			buildPhases = (
				B654E96B215F6C2900A24BD3 /* Resources */,
				B654E98E215F6C2D00A24BD3 /* Embed App Extensions */,
			);
			buildRules = (
			);
			dependencies = (
				B654E97C215F6C2C00A24BD3 /* PBXTargetDependency */,
			);
			name = Watch;
			productName = Watch;
			productReference = B654E96D215F6C2900A24BD3 /* Watch.app */;
			productType = "com.apple.product-type.application.watchapp2";
		};
		B654E978215F6C2C00A24BD3 /* Watch Extension */ = {
			isa = PBXNativeTarget;
			buildConfigurationList = B654E98B215F6C2D00A24BD3 /* Build configuration list for PBXNativeTarget "Watch Extension" */;
			buildPhases = (
				B654E975215F6C2C00A24BD3 /* Sources */,
				B654E976215F6C2C00A24BD3 /* Frameworks */,
				B654E977215F6C2C00A24BD3 /* Resources */,
			);
			buildRules = (
			);
			dependencies = (
			);
			name = "Watch Extension";
			productName = "Watch Extension";
			productReference = B654E979215F6C2C00A24BD3 /* Watch Extension.appex */;
			productType = "com.apple.product-type.watchkit2-extension";
		};
		B65E7EB92160D12F00C05513 /* CTWidget */ = {
			isa = PBXNativeTarget;
			buildConfigurationList = B65E7EC82160D12F00C05513 /* Build configuration list for PBXNativeTarget "CTWidget" */;
			buildPhases = (
				B65E7EB62160D12F00C05513 /* Sources */,
				B65E7EB72160D12F00C05513 /* Frameworks */,
				B65E7EB82160D12F00C05513 /* Resources */,
			);
			buildRules = (
			);
			dependencies = (
			);
			name = CTWidget;
			productName = CTWidget;
			productReference = B65E7EBA2160D12F00C05513 /* CTWidget.appex */;
			productType = "com.apple.product-type.app-extension";
		};
/* End PBXNativeTarget section */

/* Begin PBXProject section */
		B654E90B215D1E6C00A24BD3 /* Project object */ = {
			isa = PBXProject;
			attributes = {
				LastSwiftUpdateCheck = 0940;
				LastUpgradeCheck = 0940;
				ORGANIZATIONNAME = "Guillermo Zafra";
				TargetAttributes = {
					B654E912215D1E6C00A24BD3 = {
						CreatedOnToolsVersion = 9.4;
					};
					B654E926215D1E6E00A24BD3 = {
						CreatedOnToolsVersion = 9.4;
						TestTargetID = B654E912215D1E6C00A24BD3;
					};
					B654E96C215F6C2900A24BD3 = {
						CreatedOnToolsVersion = 9.4;
					};
					B654E978215F6C2C00A24BD3 = {
						CreatedOnToolsVersion = 9.4;
					};
					B65E7EB92160D12F00C05513 = {
						CreatedOnToolsVersion = 9.4;
					};
				};
			};
			buildConfigurationList = B654E90E215D1E6C00A24BD3 /* Build configuration list for PBXProject "CryptoTracker" */;
			compatibilityVersion = "Xcode 9.3";
			developmentRegion = en;
			hasScannedForEncodings = 0;
			knownRegions = (
				en,
				Base,
			);
			mainGroup = B654E90A215D1E6C00A24BD3;
			productRefGroup = B654E914215D1E6C00A24BD3 /* Products */;
			projectDirPath = "";
			projectRoot = "";
			targets = (
				B654E912215D1E6C00A24BD3 /* CryptoTracker */,
				B654E926215D1E6E00A24BD3 /* CryptoTrackerTests */,
				B654E96C215F6C2900A24BD3 /* Watch */,
				B654E978215F6C2C00A24BD3 /* Watch Extension */,
				B65E7EB92160D12F00C05513 /* CTWidget */,
			);
		};
/* End PBXProject section */

/* Begin PBXResourcesBuildPhase section */
		B654E911215D1E6C00A24BD3 /* Resources */ = {
			isa = PBXResourcesBuildPhase;
			buildActionMask = 2147483647;
			files = (
				B6A3998821F1E93900731CB1 /* LoadingView.xib in Resources */,
				B654E921215D1E6E00A24BD3 /* LaunchScreen.storyboard in Resources */,
				B654E91E215D1E6E00A24BD3 /* Assets.xcassets in Resources */,
			);
			runOnlyForDeploymentPostprocessing = 0;
		};
		B654E925215D1E6E00A24BD3 /* Resources */ = {
			isa = PBXResourcesBuildPhase;
			buildActionMask = 2147483647;
			files = (
				B65E7EA0215FFD1A00C05513 /* RealTimeData.json in Resources */,
				B65E7E9F215FFD1A00C05513 /* HistoricalData.json in Resources */,
			);
			runOnlyForDeploymentPostprocessing = 0;
		};
		B654E96B215F6C2900A24BD3 /* Resources */ = {
			isa = PBXResourcesBuildPhase;
			buildActionMask = 2147483647;
			files = (
				B654E973215F6C2C00A24BD3 /* Assets.xcassets in Resources */,
				B654E971215F6C2900A24BD3 /* Interface.storyboard in Resources */,
			);
			runOnlyForDeploymentPostprocessing = 0;
		};
		B654E977215F6C2C00A24BD3 /* Resources */ = {
			isa = PBXResourcesBuildPhase;
			buildActionMask = 2147483647;
			files = (
				B654E985215F6C2D00A24BD3 /* Assets.xcassets in Resources */,
			);
			runOnlyForDeploymentPostprocessing = 0;
		};
		B65E7EB82160D12F00C05513 /* Resources */ = {
			isa = PBXResourcesBuildPhase;
			buildActionMask = 2147483647;
			files = (
				B65E7EC32160D12F00C05513 /* MainInterface.storyboard in Resources */,
			);
			runOnlyForDeploymentPostprocessing = 0;
		};
/* End PBXResourcesBuildPhase section */

/* Begin PBXSourcesBuildPhase section */
		B654E90F215D1E6C00A24BD3 /* Sources */ = {
			isa = PBXSourcesBuildPhase;
			buildActionMask = 2147483647;
			files = (
				B654E94F215D47BA00A24BD3 /* RatesHistoricalRequest.swift in Sources */,
				B654E93C215D244A00A24BD3 /* RequestManager.swift in Sources */,
				B653E086215FC10A004508BF /* RatesLocalInteractor.swift in Sources */,
				B654E946215D2FB700A24BD3 /* HTTPCode.swift in Sources */,
				B653E084215FBA73004508BF /* CacheManager.swift in Sources */,
				B654E938215D22A600A24BD3 /* Result.swift in Sources */,
				B654E95F215D53FB00A24BD3 /* RatesPresenter.swift in Sources */,
				B6A3997721F1D50600731CB1 /* RatesLocalizedResources.swift in Sources */,
				B654E942215D261E00A24BD3 /* CoinDeskEndpoints.swift in Sources */,
				B606D10C21EDFDA80072FFDB /* HtmlDecoder.swift in Sources */,
				B654E95C215D53C500A24BD3 /* HistorialRateCell.swift in Sources */,
				B654E95A215D528300A24BD3 /* RatesTVC.swift in Sources */,
				B654E94A215D457400A24BD3 /* RatesRealTimeRequest.swift in Sources */,
				B654E961215D540D00A24BD3 /* RatesViewModels.swift in Sources */,
				B654E948215D33C900A24BD3 /* RatesRemoteInteractor.swift in Sources */,
				B654E967215D6BCC00A24BD3 /* RatesRouter.swift in Sources */,
				B606D10A21EDE9B60072FFDB /* UIViewExtensions.swift in Sources */,
				B6A3998621F1E93900731CB1 /* LoadingViewController.swift in Sources */,
				B654E951215D47D400A24BD3 /* RatesHistoricalData.swift in Sources */,
				B654E94C215D45C600A24BD3 /* RatesRealTimeData.swift in Sources */,
				B6A3995A21F1CCC900731CB1 /* AppConstants.swift in Sources */,
				B6A3997421F1D4BC00731CB1 /* RatesProtocols.swift in Sources */,
				B654E917215D1E6C00A24BD3 /* AppDelegate.swift in Sources */,
				B654E955215D498600A24BD3 /* DateFormatterHelper.swift in Sources */,
				B654E944215D2AB200A24BD3 /* ResultError.swift in Sources */,
				B654E93E215D247300A24BD3 /* EndpointProtocol.swift in Sources */,
				B654E964215D5FE000A24BD3 /* CurrencyFomatter.swift in Sources */,
				B6A3998221F1E5C500731CB1 /* UIAlertControllerExtensions.swift in Sources */,
				B654E93A215D230E00A24BD3 /* RequestProtocol.swift in Sources */,
				B6A3998721F1E93900731CB1 /* LoadingView.swift in Sources */,
				B653E08C215FDCD8004508BF /* RequestManagerProtocol.swift in Sources */,
			);
			runOnlyForDeploymentPostprocessing = 0;
		};
		B654E923215D1E6E00A24BD3 /* Sources */ = {
			isa = PBXSourcesBuildPhase;
			buildActionMask = 2147483647;
			files = (
				B65E7EB42160259700C05513 /* MockRatesRouter.swift in Sources */,
				B65E7EAD216010DF00C05513 /* MockViewInterface.swift in Sources */,
				B654E92C215D1E6E00A24BD3 /* RemoteInteractorTests.swift in Sources */,
				B65E7EA821600F7200C05513 /* RatesModuleTests.swift in Sources */,
				B653E08F215FE577004508BF /* MockHelper.swift in Sources */,
				B65E7EAB21600FA800C05513 /* MockRequestManager.swift in Sources */,
				B65E7EA621600ADC00C05513 /* LocalInteractorTests.swift in Sources */,
				B65E7EAF21601FBE00C05513 /* ExtensionTests.swift in Sources */,
				B65E7EA2215FFECB00C05513 /* Extensions.swift in Sources */,
				B65E7EB12160229D00C05513 /* RatesTVCTests.swift in Sources */,
			);
			runOnlyForDeploymentPostprocessing = 0;
		};
		B654E975215F6C2C00A24BD3 /* Sources */ = {
			isa = PBXSourcesBuildPhase;
			buildActionMask = 2147483647;
			files = (
				B654E9A1215F751600A24BD3 /* RequestManager.swift in Sources */,
				B654E996215F750600A24BD3 /* CoinDeskEndpoints.swift in Sources */,
				B653E089215FC8CD004508BF /* CacheManager.swift in Sources */,
				B6A3997521F1D4BE00731CB1 /* RatesProtocols.swift in Sources */,
				B654E9A6215F761500A24BD3 /* RatesPresenter.swift in Sources */,
				B654E998215F750600A24BD3 /* RatesHistoricalRequest.swift in Sources */,
				B654E99B215F750600A24BD3 /* RatesHistoricalData.swift in Sources */,
				B654E99A215F750600A24BD3 /* RatesRealTimeData.swift in Sources */,
				B654E99F215F751600A24BD3 /* Result.swift in Sources */,
				B654E99C215F751000A24BD3 /* CurrencyFomatter.swift in Sources */,
				B654E981215F6C2C00A24BD3 /* ExtensionDelegate.swift in Sources */,
				B654E995215F719500A24BD3 /* RatesViewModels.swift in Sources */,
				B654E997215F750600A24BD3 /* RatesRealTimeRequest.swift in Sources */,
				B6A3997821F1D51100731CB1 /* RatesRemoteInteractor.swift in Sources */,
				B6A3996E21F1D35300731CB1 /* RatesLocalizedResources.swift in Sources */,
				B654E9A2215F751600A24BD3 /* EndpointProtocol.swift in Sources */,
				B654E9A3215F751600A24BD3 /* ResultError.swift in Sources */,
				B654E9A0215F751600A24BD3 /* RequestProtocol.swift in Sources */,
				B654E9A4215F751600A24BD3 /* HTTPCode.swift in Sources */,
				B654E994215F715200A24BD3 /* RateRowController.swift in Sources */,
				B654E97F215F6C2C00A24BD3 /* WatchRatesController.swift in Sources */,
				B6A3995B21F1CE7B00731CB1 /* AppConstants.swift in Sources */,
				B654E99D215F751000A24BD3 /* DateFormatterHelper.swift in Sources */,
				B653E08D215FDD1F004508BF /* RequestManagerProtocol.swift in Sources */,
				B606D10D21EDFE750072FFDB /* HtmlDecoder.swift in Sources */,
			);
			runOnlyForDeploymentPostprocessing = 0;
		};
		B65E7EB62160D12F00C05513 /* Sources */ = {
			isa = PBXSourcesBuildPhase;
			buildActionMask = 2147483647;
			files = (
				B65E7ED32160DB7C00C05513 /* RequestProtocol.swift in Sources */,
				B6A3997921F1D54E00731CB1 /* RatesProtocols.swift in Sources */,
				B6A3997B21F1D55E00731CB1 /* RatesViewModels.swift in Sources */,
				B65E7ED92160DB8300C05513 /* HTTPCode.swift in Sources */,
				B606D10E21EDFE760072FFDB /* HtmlDecoder.swift in Sources */,
				B65E7ED02160DB7300C05513 /* CoinDeskEndpoints.swift in Sources */,
				B65E7ED72160DB8300C05513 /* EndpointProtocol.swift in Sources */,
				B65E7ED82160DB8300C05513 /* ResultError.swift in Sources */,
				B65E7EDC2160DBC900C05513 /* DateFormatterHelper.swift in Sources */,
				B65E7ED22160DB7300C05513 /* RatesHistoricalRequest.swift in Sources */,
				B65E7ED62160DB8300C05513 /* RequestManager.swift in Sources */,
				B65E7ECF2160DB6900C05513 /* RatesHistoricalData.swift in Sources */,
				B65E7EC02160D12F00C05513 /* TodayViewController.swift in Sources */,
				B65E7ED12160DB7300C05513 /* RatesRealTimeRequest.swift in Sources */,
				B65E7ECE2160DB6900C05513 /* RatesRealTimeData.swift in Sources */,
				B65E7ED42160DB7C00C05513 /* RequestManagerProtocol.swift in Sources */,
				B6A3997A21F1D55400731CB1 /* RatesRemoteInteractor.swift in Sources */,
				B65E7EDA2160DBA000C05513 /* CurrencyFomatter.swift in Sources */,
				B65E7ED52160DB8300C05513 /* Result.swift in Sources */,
				B6A3995C21F1CE7C00731CB1 /* AppConstants.swift in Sources */,
			);
			runOnlyForDeploymentPostprocessing = 0;
		};
/* End PBXSourcesBuildPhase section */

/* Begin PBXTargetDependency section */
		B654E929215D1E6E00A24BD3 /* PBXTargetDependency */ = {
			isa = PBXTargetDependency;
			target = B654E912215D1E6C00A24BD3 /* CryptoTracker */;
			targetProxy = B654E928215D1E6E00A24BD3 /* PBXContainerItemProxy */;
		};
		B654E97C215F6C2C00A24BD3 /* PBXTargetDependency */ = {
			isa = PBXTargetDependency;
			target = B654E978215F6C2C00A24BD3 /* Watch Extension */;
			targetProxy = B654E97B215F6C2C00A24BD3 /* PBXContainerItemProxy */;
		};
		B654E989215F6C2D00A24BD3 /* PBXTargetDependency */ = {
			isa = PBXTargetDependency;
			target = B654E96C215F6C2900A24BD3 /* Watch */;
			targetProxy = B654E988215F6C2D00A24BD3 /* PBXContainerItemProxy */;
		};
		B65E7EC62160D12F00C05513 /* PBXTargetDependency */ = {
			isa = PBXTargetDependency;
			target = B65E7EB92160D12F00C05513 /* CTWidget */;
			targetProxy = B65E7EC52160D12F00C05513 /* PBXContainerItemProxy */;
		};
/* End PBXTargetDependency section */

/* Begin PBXVariantGroup section */
		B654E91F215D1E6E00A24BD3 /* LaunchScreen.storyboard */ = {
			isa = PBXVariantGroup;
			children = (
				B654E920215D1E6E00A24BD3 /* Base */,
			);
			name = LaunchScreen.storyboard;
			sourceTree = "<group>";
		};
		B654E96F215F6C2900A24BD3 /* Interface.storyboard */ = {
			isa = PBXVariantGroup;
			children = (
				B654E970215F6C2900A24BD3 /* Base */,
			);
			name = Interface.storyboard;
			sourceTree = "<group>";
		};
		B65E7EC12160D12F00C05513 /* MainInterface.storyboard */ = {
			isa = PBXVariantGroup;
			children = (
				B65E7EC22160D12F00C05513 /* Base */,
			);
			name = MainInterface.storyboard;
			sourceTree = "<group>";
		};
/* End PBXVariantGroup section */

/* Begin XCBuildConfiguration section */
		B654E92E215D1E6E00A24BD3 /* Debug */ = {
			isa = XCBuildConfiguration;
			buildSettings = {
				ALWAYS_SEARCH_USER_PATHS = NO;
				CLANG_ANALYZER_NONNULL = YES;
				CLANG_ANALYZER_NUMBER_OBJECT_CONVERSION = YES_AGGRESSIVE;
				CLANG_CXX_LANGUAGE_STANDARD = "gnu++14";
				CLANG_CXX_LIBRARY = "libc++";
				CLANG_ENABLE_MODULES = YES;
				CLANG_ENABLE_OBJC_ARC = YES;
				CLANG_ENABLE_OBJC_WEAK = YES;
				CLANG_WARN_BLOCK_CAPTURE_AUTORELEASING = YES;
				CLANG_WARN_BOOL_CONVERSION = YES;
				CLANG_WARN_COMMA = YES;
				CLANG_WARN_CONSTANT_CONVERSION = YES;
				CLANG_WARN_DEPRECATED_OBJC_IMPLEMENTATIONS = YES;
				CLANG_WARN_DIRECT_OBJC_ISA_USAGE = YES_ERROR;
				CLANG_WARN_DOCUMENTATION_COMMENTS = YES;
				CLANG_WARN_EMPTY_BODY = YES;
				CLANG_WARN_ENUM_CONVERSION = YES;
				CLANG_WARN_INFINITE_RECURSION = YES;
				CLANG_WARN_INT_CONVERSION = YES;
				CLANG_WARN_NON_LITERAL_NULL_CONVERSION = YES;
				CLANG_WARN_OBJC_IMPLICIT_RETAIN_SELF = YES;
				CLANG_WARN_OBJC_LITERAL_CONVERSION = YES;
				CLANG_WARN_OBJC_ROOT_CLASS = YES_ERROR;
				CLANG_WARN_RANGE_LOOP_ANALYSIS = YES;
				CLANG_WARN_STRICT_PROTOTYPES = YES;
				CLANG_WARN_SUSPICIOUS_MOVE = YES;
				CLANG_WARN_UNGUARDED_AVAILABILITY = YES_AGGRESSIVE;
				CLANG_WARN_UNREACHABLE_CODE = YES;
				CLANG_WARN__DUPLICATE_METHOD_MATCH = YES;
				CODE_SIGN_IDENTITY = "iPhone Developer";
				COPY_PHASE_STRIP = NO;
				DEBUG_INFORMATION_FORMAT = dwarf;
				ENABLE_STRICT_OBJC_MSGSEND = YES;
				ENABLE_TESTABILITY = YES;
				GCC_C_LANGUAGE_STANDARD = gnu11;
				GCC_DYNAMIC_NO_PIC = NO;
				GCC_NO_COMMON_BLOCKS = YES;
				GCC_OPTIMIZATION_LEVEL = 0;
				GCC_PREPROCESSOR_DEFINITIONS = (
					"DEBUG=1",
					"$(inherited)",
				);
				GCC_WARN_64_TO_32_BIT_CONVERSION = YES;
				GCC_WARN_ABOUT_RETURN_TYPE = YES_ERROR;
				GCC_WARN_UNDECLARED_SELECTOR = YES;
				GCC_WARN_UNINITIALIZED_AUTOS = YES_AGGRESSIVE;
				GCC_WARN_UNUSED_FUNCTION = YES;
				GCC_WARN_UNUSED_VARIABLE = YES;
				IPHONEOS_DEPLOYMENT_TARGET = 11.4;
				MTL_ENABLE_DEBUG_INFO = YES;
				ONLY_ACTIVE_ARCH = YES;
				SDKROOT = iphoneos;
				SWIFT_ACTIVE_COMPILATION_CONDITIONS = DEBUG;
				SWIFT_OPTIMIZATION_LEVEL = "-Onone";
			};
			name = Debug;
		};
		B654E92F215D1E6E00A24BD3 /* Release */ = {
			isa = XCBuildConfiguration;
			buildSettings = {
				ALWAYS_SEARCH_USER_PATHS = NO;
				CLANG_ANALYZER_NONNULL = YES;
				CLANG_ANALYZER_NUMBER_OBJECT_CONVERSION = YES_AGGRESSIVE;
				CLANG_CXX_LANGUAGE_STANDARD = "gnu++14";
				CLANG_CXX_LIBRARY = "libc++";
				CLANG_ENABLE_MODULES = YES;
				CLANG_ENABLE_OBJC_ARC = YES;
				CLANG_ENABLE_OBJC_WEAK = YES;
				CLANG_WARN_BLOCK_CAPTURE_AUTORELEASING = YES;
				CLANG_WARN_BOOL_CONVERSION = YES;
				CLANG_WARN_COMMA = YES;
				CLANG_WARN_CONSTANT_CONVERSION = YES;
				CLANG_WARN_DEPRECATED_OBJC_IMPLEMENTATIONS = YES;
				CLANG_WARN_DIRECT_OBJC_ISA_USAGE = YES_ERROR;
				CLANG_WARN_DOCUMENTATION_COMMENTS = YES;
				CLANG_WARN_EMPTY_BODY = YES;
				CLANG_WARN_ENUM_CONVERSION = YES;
				CLANG_WARN_INFINITE_RECURSION = YES;
				CLANG_WARN_INT_CONVERSION = YES;
				CLANG_WARN_NON_LITERAL_NULL_CONVERSION = YES;
				CLANG_WARN_OBJC_IMPLICIT_RETAIN_SELF = YES;
				CLANG_WARN_OBJC_LITERAL_CONVERSION = YES;
				CLANG_WARN_OBJC_ROOT_CLASS = YES_ERROR;
				CLANG_WARN_RANGE_LOOP_ANALYSIS = YES;
				CLANG_WARN_STRICT_PROTOTYPES = YES;
				CLANG_WARN_SUSPICIOUS_MOVE = YES;
				CLANG_WARN_UNGUARDED_AVAILABILITY = YES_AGGRESSIVE;
				CLANG_WARN_UNREACHABLE_CODE = YES;
				CLANG_WARN__DUPLICATE_METHOD_MATCH = YES;
				CODE_SIGN_IDENTITY = "iPhone Developer";
				COPY_PHASE_STRIP = NO;
				DEBUG_INFORMATION_FORMAT = "dwarf-with-dsym";
				ENABLE_NS_ASSERTIONS = NO;
				ENABLE_STRICT_OBJC_MSGSEND = YES;
				GCC_C_LANGUAGE_STANDARD = gnu11;
				GCC_NO_COMMON_BLOCKS = YES;
				GCC_WARN_64_TO_32_BIT_CONVERSION = YES;
				GCC_WARN_ABOUT_RETURN_TYPE = YES_ERROR;
				GCC_WARN_UNDECLARED_SELECTOR = YES;
				GCC_WARN_UNINITIALIZED_AUTOS = YES_AGGRESSIVE;
				GCC_WARN_UNUSED_FUNCTION = YES;
				GCC_WARN_UNUSED_VARIABLE = YES;
				IPHONEOS_DEPLOYMENT_TARGET = 11.4;
				MTL_ENABLE_DEBUG_INFO = NO;
				SDKROOT = iphoneos;
				SWIFT_COMPILATION_MODE = wholemodule;
				SWIFT_OPTIMIZATION_LEVEL = "-O";
				VALIDATE_PRODUCT = YES;
			};
			name = Release;
		};
		B654E931215D1E6E00A24BD3 /* Debug */ = {
			isa = XCBuildConfiguration;
			buildSettings = {
				ALWAYS_EMBED_SWIFT_STANDARD_LIBRARIES = YES;
				ASSETCATALOG_COMPILER_APPICON_NAME = AppIcon;
				CODE_SIGN_STYLE = Automatic;
				INFOPLIST_FILE = CryptoTracker/Info.plist;
				LD_RUNPATH_SEARCH_PATHS = (
					"$(inherited)",
					"@executable_path/Frameworks",
				);
				PRODUCT_BUNDLE_IDENTIFIER = com.gzafra.CryptoTracker;
				PRODUCT_NAME = "$(TARGET_NAME)";
				SWIFT_VERSION = 4.0;
				TARGETED_DEVICE_FAMILY = "1,2";
			};
			name = Debug;
		};
		B654E932215D1E6E00A24BD3 /* Release */ = {
			isa = XCBuildConfiguration;
			buildSettings = {
				ALWAYS_EMBED_SWIFT_STANDARD_LIBRARIES = YES;
				ASSETCATALOG_COMPILER_APPICON_NAME = AppIcon;
				CODE_SIGN_STYLE = Automatic;
				INFOPLIST_FILE = CryptoTracker/Info.plist;
				LD_RUNPATH_SEARCH_PATHS = (
					"$(inherited)",
					"@executable_path/Frameworks",
				);
				PRODUCT_BUNDLE_IDENTIFIER = com.gzafra.CryptoTracker;
				PRODUCT_NAME = "$(TARGET_NAME)";
				SWIFT_VERSION = 4.0;
				TARGETED_DEVICE_FAMILY = "1,2";
			};
			name = Release;
		};
		B654E934215D1E6E00A24BD3 /* Debug */ = {
			isa = XCBuildConfiguration;
			buildSettings = {
				ALWAYS_EMBED_SWIFT_STANDARD_LIBRARIES = YES;
				BUNDLE_LOADER = "$(TEST_HOST)";
				CODE_SIGN_STYLE = Automatic;
				INFOPLIST_FILE = CryptoTrackerTests/Info.plist;
				LD_RUNPATH_SEARCH_PATHS = (
					"$(inherited)",
					"@executable_path/Frameworks",
					"@loader_path/Frameworks",
				);
				PRODUCT_BUNDLE_IDENTIFIER = com.gzafra.CryptoTrackerTests;
				PRODUCT_NAME = "$(TARGET_NAME)";
				SWIFT_VERSION = 4.0;
				TARGETED_DEVICE_FAMILY = "1,2";
				TEST_HOST = "$(BUILT_PRODUCTS_DIR)/CryptoTracker.app/CryptoTracker";
			};
			name = Debug;
		};
		B654E935215D1E6E00A24BD3 /* Release */ = {
			isa = XCBuildConfiguration;
			buildSettings = {
				ALWAYS_EMBED_SWIFT_STANDARD_LIBRARIES = YES;
				BUNDLE_LOADER = "$(TEST_HOST)";
				CODE_SIGN_STYLE = Automatic;
				INFOPLIST_FILE = CryptoTrackerTests/Info.plist;
				LD_RUNPATH_SEARCH_PATHS = (
					"$(inherited)",
					"@executable_path/Frameworks",
					"@loader_path/Frameworks",
				);
				PRODUCT_BUNDLE_IDENTIFIER = com.gzafra.CryptoTrackerTests;
				PRODUCT_NAME = "$(TARGET_NAME)";
				SWIFT_VERSION = 4.0;
				TARGETED_DEVICE_FAMILY = "1,2";
				TEST_HOST = "$(BUILT_PRODUCTS_DIR)/CryptoTracker.app/CryptoTracker";
			};
			name = Release;
		};
		B654E98C215F6C2D00A24BD3 /* Debug */ = {
			isa = XCBuildConfiguration;
			buildSettings = {
				ASSETCATALOG_COMPILER_COMPLICATION_NAME = Complication;
				CODE_SIGN_STYLE = Automatic;
				INFOPLIST_FILE = "Watch Extension/Info.plist";
				LD_RUNPATH_SEARCH_PATHS = (
					"$(inherited)",
					"@executable_path/Frameworks",
					"@executable_path/../../Frameworks",
				);
				PRODUCT_BUNDLE_IDENTIFIER = com.gzafra.CryptoTracker.watchkitapp.watchkitextension;
				PRODUCT_NAME = "${TARGET_NAME}";
				SDKROOT = watchos;
				SKIP_INSTALL = YES;
				SWIFT_VERSION = 4.0;
				TARGETED_DEVICE_FAMILY = 4;
				WATCHOS_DEPLOYMENT_TARGET = 4.3;
			};
			name = Debug;
		};
		B654E98D215F6C2D00A24BD3 /* Release */ = {
			isa = XCBuildConfiguration;
			buildSettings = {
				ASSETCATALOG_COMPILER_COMPLICATION_NAME = Complication;
				CODE_SIGN_STYLE = Automatic;
				INFOPLIST_FILE = "Watch Extension/Info.plist";
				LD_RUNPATH_SEARCH_PATHS = (
					"$(inherited)",
					"@executable_path/Frameworks",
					"@executable_path/../../Frameworks",
				);
				PRODUCT_BUNDLE_IDENTIFIER = com.gzafra.CryptoTracker.watchkitapp.watchkitextension;
				PRODUCT_NAME = "${TARGET_NAME}";
				SDKROOT = watchos;
				SKIP_INSTALL = YES;
				SWIFT_VERSION = 4.0;
				TARGETED_DEVICE_FAMILY = 4;
				WATCHOS_DEPLOYMENT_TARGET = 4.3;
			};
			name = Release;
		};
		B654E990215F6C2D00A24BD3 /* Debug */ = {
			isa = XCBuildConfiguration;
			buildSettings = {
				ALWAYS_EMBED_SWIFT_STANDARD_LIBRARIES = YES;
				ASSETCATALOG_COMPILER_APPICON_NAME = AppIcon;
				CODE_SIGN_STYLE = Automatic;
				IBSC_MODULE = Watch_Extension;
				INFOPLIST_FILE = Watch/Info.plist;
				PRODUCT_BUNDLE_IDENTIFIER = com.gzafra.CryptoTracker.watchkitapp;
				PRODUCT_NAME = "$(TARGET_NAME)";
				SDKROOT = watchos;
				SKIP_INSTALL = YES;
				SWIFT_VERSION = 4.0;
				TARGETED_DEVICE_FAMILY = 4;
				WATCHOS_DEPLOYMENT_TARGET = 4.3;
			};
			name = Debug;
		};
		B654E991215F6C2D00A24BD3 /* Release */ = {
			isa = XCBuildConfiguration;
			buildSettings = {
				ALWAYS_EMBED_SWIFT_STANDARD_LIBRARIES = YES;
				ASSETCATALOG_COMPILER_APPICON_NAME = AppIcon;
				CODE_SIGN_STYLE = Automatic;
				IBSC_MODULE = Watch_Extension;
				INFOPLIST_FILE = Watch/Info.plist;
				PRODUCT_BUNDLE_IDENTIFIER = com.gzafra.CryptoTracker.watchkitapp;
				PRODUCT_NAME = "$(TARGET_NAME)";
				SDKROOT = watchos;
				SKIP_INSTALL = YES;
				SWIFT_VERSION = 4.0;
				TARGETED_DEVICE_FAMILY = 4;
				WATCHOS_DEPLOYMENT_TARGET = 4.3;
			};
			name = Release;
		};
		B65E7EC92160D12F00C05513 /* Debug */ = {
			isa = XCBuildConfiguration;
			buildSettings = {
				CODE_SIGN_STYLE = Automatic;
				INFOPLIST_FILE = CTWidget/Info.plist;
				LD_RUNPATH_SEARCH_PATHS = (
					"$(inherited)",
					"@executable_path/Frameworks",
					"@executable_path/../../Frameworks",
				);
				PRODUCT_BUNDLE_IDENTIFIER = com.gzafra.CryptoTracker.CTWidget;
				PRODUCT_NAME = "$(TARGET_NAME)";
				SKIP_INSTALL = YES;
				SWIFT_VERSION = 4.0;
				TARGETED_DEVICE_FAMILY = "1,2";
			};
			name = Debug;
		};
		B65E7ECA2160D12F00C05513 /* Release */ = {
			isa = XCBuildConfiguration;
			buildSettings = {
				CODE_SIGN_STYLE = Automatic;
				INFOPLIST_FILE = CTWidget/Info.plist;
				LD_RUNPATH_SEARCH_PATHS = (
					"$(inherited)",
					"@executable_path/Frameworks",
					"@executable_path/../../Frameworks",
				);
				PRODUCT_BUNDLE_IDENTIFIER = com.gzafra.CryptoTracker.CTWidget;
				PRODUCT_NAME = "$(TARGET_NAME)";
				SKIP_INSTALL = YES;
				SWIFT_VERSION = 4.0;
				TARGETED_DEVICE_FAMILY = "1,2";
			};
			name = Release;
		};
/* End XCBuildConfiguration section */

/* Begin XCConfigurationList section */
		B654E90E215D1E6C00A24BD3 /* Build configuration list for PBXProject "CryptoTracker" */ = {
			isa = XCConfigurationList;
			buildConfigurations = (
				B654E92E215D1E6E00A24BD3 /* Debug */,
				B654E92F215D1E6E00A24BD3 /* Release */,
			);
			defaultConfigurationIsVisible = 0;
			defaultConfigurationName = Release;
		};
		B654E930215D1E6E00A24BD3 /* Build configuration list for PBXNativeTarget "CryptoTracker" */ = {
			isa = XCConfigurationList;
			buildConfigurations = (
				B654E931215D1E6E00A24BD3 /* Debug */,
				B654E932215D1E6E00A24BD3 /* Release */,
			);
			defaultConfigurationIsVisible = 0;
			defaultConfigurationName = Release;
		};
		B654E933215D1E6E00A24BD3 /* Build configuration list for PBXNativeTarget "CryptoTrackerTests" */ = {
			isa = XCConfigurationList;
			buildConfigurations = (
				B654E934215D1E6E00A24BD3 /* Debug */,
				B654E935215D1E6E00A24BD3 /* Release */,
			);
			defaultConfigurationIsVisible = 0;
			defaultConfigurationName = Release;
		};
		B654E98B215F6C2D00A24BD3 /* Build configuration list for PBXNativeTarget "Watch Extension" */ = {
			isa = XCConfigurationList;
			buildConfigurations = (
				B654E98C215F6C2D00A24BD3 /* Debug */,
				B654E98D215F6C2D00A24BD3 /* Release */,
			);
			defaultConfigurationIsVisible = 0;
			defaultConfigurationName = Release;
		};
		B654E98F215F6C2D00A24BD3 /* Build configuration list for PBXNativeTarget "Watch" */ = {
			isa = XCConfigurationList;
			buildConfigurations = (
				B654E990215F6C2D00A24BD3 /* Debug */,
				B654E991215F6C2D00A24BD3 /* Release */,
			);
			defaultConfigurationIsVisible = 0;
			defaultConfigurationName = Release;
		};
		B65E7EC82160D12F00C05513 /* Build configuration list for PBXNativeTarget "CTWidget" */ = {
			isa = XCConfigurationList;
			buildConfigurations = (
				B65E7EC92160D12F00C05513 /* Debug */,
				B65E7ECA2160D12F00C05513 /* Release */,
			);
			defaultConfigurationIsVisible = 0;
			defaultConfigurationName = Release;
		};
/* End XCConfigurationList section */
	};
	rootObject = B654E90B215D1E6C00A24BD3 /* Project object */;
}
